{
  "version": 4,
  "terraform_version": "1.2.6",
  "serial": 373,
  "lineage": "5b37307c-bf9b-a912-823d-4bda60c5a9d9",
  "outputs": {
    "vm_linux_server_instance_id": {
      "value": "aws_instance.linux-server.id",
      "type": "string"
    },
    "vm_linux_server_instance_private_ip": {
      "value": "aws_instance.linux-server.private_ip",
      "type": "string"
    },
    "vm_linux_server_instance_public_dns": {
      "value": "aws_instance.linux-server.public_dns",
      "type": "string"
    },
    "vm_linux_server_instance_public_ip": {
      "value": "aws_eip.linux-eip[count.index].public_ip",
      "type": "string"
    }
  },
  "resources": [
    {
      "mode": "data",
      "type": "aws_ami",
      "name": "centos-6",
      "provider": "provider[\"registry.terraform.io/hashicorp/aws\"]",
      "instances": [
        {
          "schema_version": 0,
          "attributes": {
            "architecture": "x86_64",
            "arn": "arn:aws:ec2:eu-west-1::image/ami-07c6c959dd5979f64",
            "block_device_mappings": [
              {
                "device_name": "/dev/sda1",
                "ebs": {
                  "delete_on_termination": "false",
                  "encrypted": "false",
                  "iops": "0",
                  "snapshot_id": "snap-059f6e2ac62cb56ca",
                  "throughput": "0",
                  "volume_size": "8",
                  "volume_type": "gp2"
                },
                "no_device": "",
                "virtual_name": ""
              }
            ],
            "creation_date": "2020-10-09T16:37:54.000Z",
            "description": "CentOS Linux 6 x86_64 HVM EBS ENA 1901_01",
            "ena_support": true,
            "executable_users": null,
            "filter": [
              {
                "name": "architecture",
                "values": [
                  "x86_64"
                ]
              },
              {
                "name": "name",
                "values": [
                  "CentOS Linux 6 x86_64 HVM EBS *"
                ]
              },
              {
                "name": "root-device-type",
                "values": [
                  "ebs"
                ]
              }
            ],
            "hypervisor": "xen",
            "id": "ami-07c6c959dd5979f64",
            "image_id": "ami-07c6c959dd5979f64",
            "image_location": "aws-marketplace/CentOS Linux 6 x86_64 HVM EBS ENA 1901_01-d4823986-573f-4772-a3e9-23b4754fc21a-ami-079f4a7926b6b99ab.4",
            "image_owner_alias": "aws-marketplace",
            "image_type": "machine",
            "kernel_id": null,
            "most_recent": true,
            "name": "CentOS Linux 6 x86_64 HVM EBS ENA 1901_01-d4823986-573f-4772-a3e9-23b4754fc21a-ami-079f4a7926b6b99ab.4",
            "name_regex": null,
            "owner_id": "679593333241",
            "owners": [
              "679593333241"
            ],
            "platform": null,
            "platform_details": "Linux/UNIX",
            "product_codes": [
              {
                "product_code_id": "ckx0h8ljio731afm2k92jtg62",
                "product_code_type": "marketplace"
              }
            ],
            "public": true,
            "ramdisk_id": null,
            "root_device_name": "/dev/sda1",
            "root_device_type": "ebs",
            "root_snapshot_id": "snap-059f6e2ac62cb56ca",
            "sriov_net_support": "simple",
            "state": "available",
            "state_reason": {
              "code": "UNSET",
              "message": "UNSET"
            },
            "tags": {},
            "usage_operation": "RunInstances",
            "virtualization_type": "hvm"
          },
          "sensitive_attributes": []
        }
      ]
    },
    {
      "mode": "data",
      "type": "aws_ami",
      "name": "centos-7",
      "provider": "provider[\"registry.terraform.io/hashicorp/aws\"]",
      "instances": [
        {
          "schema_version": 0,
          "attributes": {
            "architecture": "x86_64",
            "arn": "arn:aws:ec2:eu-west-1::image/ami-0b850cf02cc00fdc8",
            "block_device_mappings": [
              {
                "device_name": "/dev/sda1",
                "ebs": {
                  "delete_on_termination": "false",
                  "encrypted": "false",
                  "iops": "0",
                  "snapshot_id": "snap-0925edc1a303cc79c",
                  "throughput": "0",
                  "volume_size": "8",
                  "volume_type": "gp2"
                },
                "no_device": "",
                "virtual_name": ""
              }
            ],
            "creation_date": "2020-03-09T21:54:54.000Z",
            "description": "CentOS Linux 7 x86_64 HVM EBS ENA 2002_01",
            "ena_support": true,
            "executable_users": null,
            "filter": [
              {
                "name": "architecture",
                "values": [
                  "x86_64"
                ]
              },
              {
                "name": "name",
                "values": [
                  "CentOS Linux 7 x86_64 HVM EBS *"
                ]
              },
              {
                "name": "root-device-type",
                "values": [
                  "ebs"
                ]
              }
            ],
            "hypervisor": "xen",
            "id": "ami-0b850cf02cc00fdc8",
            "image_id": "ami-0b850cf02cc00fdc8",
            "image_location": "aws-marketplace/CentOS Linux 7 x86_64 HVM EBS ENA 2002_01-b7ee8a69-ee97-4a49-9e68-afaee216db2e-ami-0042af67f8e4dcc20.4",
            "image_owner_alias": "aws-marketplace",
            "image_type": "machine",
            "kernel_id": null,
            "most_recent": true,
            "name": "CentOS Linux 7 x86_64 HVM EBS ENA 2002_01-b7ee8a69-ee97-4a49-9e68-afaee216db2e-ami-0042af67f8e4dcc20.4",
            "name_regex": null,
            "owner_id": "679593333241",
            "owners": [
              "679593333241"
            ],
            "platform": null,
            "platform_details": "Linux/UNIX",
            "product_codes": [
              {
                "product_code_id": "aw0evgkw8e5c1q413zgy5pjce",
                "product_code_type": "marketplace"
              }
            ],
            "public": true,
            "ramdisk_id": null,
            "root_device_name": "/dev/sda1",
            "root_device_type": "ebs",
            "root_snapshot_id": "snap-0925edc1a303cc79c",
            "sriov_net_support": "simple",
            "state": "available",
            "state_reason": {
              "code": "UNSET",
              "message": "UNSET"
            },
            "tags": {},
            "usage_operation": "RunInstances",
            "virtualization_type": "hvm"
          },
          "sensitive_attributes": []
        }
      ]
    },
    {
      "mode": "data",
      "type": "aws_ami",
      "name": "centos-8",
      "provider": "provider[\"registry.terraform.io/hashicorp/aws\"]",
      "instances": [
        {
          "schema_version": 0,
          "attributes": {
            "architecture": "x86_64",
            "arn": "arn:aws:ec2:eu-west-1::image/ami-0e0669c0b39d3a79f",
            "block_device_mappings": [
              {
                "device_name": "/dev/sda1",
                "ebs": {
                  "delete_on_termination": "true",
                  "encrypted": "false",
                  "iops": "0",
                  "snapshot_id": "snap-013ba956022ba021a",
                  "throughput": "0",
                  "volume_size": "10",
                  "volume_type": "gp2"
                },
                "no_device": "",
                "virtual_name": ""
              }
            ],
            "creation_date": "2021-08-23T13:47:10.000Z",
            "description": "CentOS Stream 8 x86_64 20210603",
            "ena_support": true,
            "executable_users": null,
            "filter": [
              {
                "name": "architecture",
                "values": [
                  "x86_64"
                ]
              },
              {
                "name": "name",
                "values": [
                  "CentOS Stream 8*"
                ]
              },
              {
                "name": "root-device-type",
                "values": [
                  "ebs"
                ]
              }
            ],
            "hypervisor": "xen",
            "id": "ami-0e0669c0b39d3a79f",
            "image_id": "ami-0e0669c0b39d3a79f",
            "image_location": "125523088429/CentOS Stream 8 x86_64 20210603",
            "image_owner_alias": null,
            "image_type": "machine",
            "kernel_id": null,
            "most_recent": true,
            "name": "CentOS Stream 8 x86_64 20210603",
            "name_regex": null,
            "owner_id": "125523088429",
            "owners": [
              "125523088429"
            ],
            "platform": null,
            "platform_details": "Linux/UNIX",
            "product_codes": [],
            "public": true,
            "ramdisk_id": null,
            "root_device_name": "/dev/sda1",
            "root_device_type": "ebs",
            "root_snapshot_id": "snap-013ba956022ba021a",
            "sriov_net_support": null,
            "state": "available",
            "state_reason": {
              "code": "UNSET",
              "message": "UNSET"
            },
            "tags": {},
            "usage_operation": "RunInstances",
            "virtualization_type": "hvm"
          },
          "sensitive_attributes": []
        }
      ]
    },
    {
      "mode": "data",
      "type": "aws_ami",
      "name": "centos-9",
      "provider": "provider[\"registry.terraform.io/hashicorp/aws\"]",
      "instances": [
        {
          "schema_version": 0,
          "attributes": {
            "architecture": "x86_64",
            "arn": "arn:aws:ec2:eu-west-1::image/ami-02ea839b2b44e1802",
            "block_device_mappings": [
              {
                "device_name": "/dev/sda1",
                "ebs": {
                  "delete_on_termination": "true",
                  "encrypted": "false",
                  "iops": "0",
                  "snapshot_id": "snap-043a155e2d609f75d",
                  "throughput": "0",
                  "volume_size": "10",
                  "volume_type": "gp2"
                },
                "no_device": "",
                "virtual_name": ""
              }
            ],
            "creation_date": "2022-08-09T14:20:40.000Z",
            "description": "CentOS Stream 9 x86_64 20220808",
            "ena_support": true,
            "executable_users": null,
            "filter": [
              {
                "name": "architecture",
                "values": [
                  "x86_64"
                ]
              },
              {
                "name": "name",
                "values": [
                  "CentOS Stream 9*"
                ]
              },
              {
                "name": "root-device-type",
                "values": [
                  "ebs"
                ]
              }
            ],
            "hypervisor": "xen",
            "id": "ami-02ea839b2b44e1802",
            "image_id": "ami-02ea839b2b44e1802",
            "image_location": "125523088429/CentOS Stream 9 x86_64 20220808",
            "image_owner_alias": null,
            "image_type": "machine",
            "kernel_id": null,
            "most_recent": true,
            "name": "CentOS Stream 9 x86_64 20220808",
            "name_regex": null,
            "owner_id": "125523088429",
            "owners": [
              "125523088429"
            ],
            "platform": null,
            "platform_details": "Linux/UNIX",
            "product_codes": [],
            "public": true,
            "ramdisk_id": null,
            "root_device_name": "/dev/sda1",
            "root_device_type": "ebs",
            "root_snapshot_id": "snap-043a155e2d609f75d",
            "sriov_net_support": null,
            "state": "available",
            "state_reason": {
              "code": "UNSET",
              "message": "UNSET"
            },
            "tags": {},
            "usage_operation": "RunInstances",
            "virtualization_type": "hvm"
          },
          "sensitive_attributes": []
        }
      ]
    },
    {
      "mode": "managed",
      "type": "aws_eip",
      "name": "linux-eip",
      "provider": "provider[\"registry.terraform.io/hashicorp/aws\"]",
      "instances": [
        {
          "index_key": 0,
          "schema_version": 0,
          "attributes": {
            "address": null,
            "allocation_id": "eipalloc-032e4edf8b54f8451",
            "associate_with_private_ip": null,
            "association_id": "eipassoc-0cee284b3c4b73813",
            "carrier_ip": "",
            "customer_owned_ip": "",
            "customer_owned_ipv4_pool": "",
            "domain": "vpc",
            "id": "eipalloc-032e4edf8b54f8451",
            "instance": "i-0288162c833ba19db",
            "network_border_group": "eu-west-1",
            "network_interface": "eni-0cfa3d2bdecc7e6ab",
            "private_dns": "ip-10-11-1-145.eu-west-1.compute.internal",
            "private_ip": "10.11.1.145",
            "public_dns": "ec2-52-17-135-115.eu-west-1.compute.amazonaws.com",
            "public_ip": "52.17.135.115",
            "public_ipv4_pool": "amazon",
            "tags": {
              "Environment": "dev",
              "Name": "task1-dev-linux-eip 0"
            },
            "tags_all": {
              "Environment": "dev",
              "Name": "task1-dev-linux-eip 0"
            },
            "timeouts": null,
            "vpc": true
          },
          "sensitive_attributes": [],
          "private": "eyJlMmJmYjczMC1lY2FhLTExZTYtOGY4OC0zNDM2M2JjN2M0YzAiOnsiZGVsZXRlIjoxODAwMDAwMDAwMDAsInJlYWQiOjkwMDAwMDAwMDAwMCwidXBkYXRlIjozMDAwMDAwMDAwMDB9fQ==",
          "dependencies": [
            "aws_instance.linux-server",
            "aws_key_pair.key_pair",
            "aws_security_group.aws-linux-sg",
            "aws_subnet.public-subnet",
            "aws_vpc.vpc",
            "data.aws_ami.centos-8",
            "tls_private_key.key_pair"
          ]
        }
      ]
    },
    {
      "mode": "managed",
      "type": "aws_eip_association",
      "name": "linux-eip-association",
      "provider": "provider[\"registry.terraform.io/hashicorp/aws\"]",
      "instances": [
        {
          "index_key": 0,
          "schema_version": 0,
          "attributes": {
            "allocation_id": "eipalloc-032e4edf8b54f8451",
            "allow_reassociation": null,
            "id": "eipassoc-0cee284b3c4b73813",
            "instance_id": "i-0288162c833ba19db",
            "network_interface_id": "eni-0cfa3d2bdecc7e6ab",
            "private_ip_address": "10.11.1.145",
            "public_ip": "52.17.135.115"
          },
          "sensitive_attributes": [],
          "private": "bnVsbA==",
          "dependencies": [
            "aws_eip.linux-eip",
            "aws_instance.linux-server",
            "aws_key_pair.key_pair",
            "aws_security_group.aws-linux-sg",
            "aws_subnet.public-subnet",
            "aws_vpc.vpc",
            "data.aws_ami.centos-8",
            "tls_private_key.key_pair"
          ]
        }
      ]
    },
    {
      "mode": "managed",
      "type": "aws_instance",
      "name": "linux-server",
      "provider": "provider[\"registry.terraform.io/hashicorp/aws\"]",
      "instances": [
        {
          "index_key": 0,
          "schema_version": 1,
          "attributes": {
            "ami": "ami-0e0669c0b39d3a79f",
            "arn": "arn:aws:ec2:eu-west-1:881964879253:instance/i-0288162c833ba19db",
            "associate_public_ip_address": true,
            "availability_zone": "eu-west-1c",
            "capacity_reservation_specification": [
              {
                "capacity_reservation_preference": "open",
                "capacity_reservation_target": []
              }
            ],
            "cpu_core_count": 1,
            "cpu_threads_per_core": 1,
            "credit_specification": [
              {
                "cpu_credits": "standard"
              }
            ],
            "disable_api_termination": false,
            "ebs_block_device": [
              {
                "delete_on_termination": true,
                "device_name": "/dev/xvdb",
                "encrypted": true,
                "iops": 0,
                "kms_key_id": "arn:aws:kms:eu-west-1:881964879253:key/dc167ed5-6788-4ce9-ad7c-f0338111d622",
                "snapshot_id": "",
                "tags": {
                  "Name": "/data1"
                },
                "throughput": 0,
                "volume_id": "vol-0d2aae1cdddd6442e",
                "volume_size": 1,
                "volume_type": "standard"
              },
              {
                "delete_on_termination": true,
                "device_name": "/dev/xvdc",
                "encrypted": true,
                "iops": 0,
                "kms_key_id": "arn:aws:kms:eu-west-1:881964879253:key/dc167ed5-6788-4ce9-ad7c-f0338111d622",
                "snapshot_id": "",
                "tags": {
                  "Name": "/data2"
                },
                "throughput": 0,
                "volume_id": "vol-07739fbe029cc8f1f",
                "volume_size": 1,
                "volume_type": "standard"
              }
            ],
            "ebs_optimized": false,
            "enclave_options": [
              {
                "enabled": false
              }
            ],
            "ephemeral_block_device": [],
            "get_password_data": false,
            "hibernation": false,
            "host_id": null,
            "iam_instance_profile": "",
            "id": "i-0288162c833ba19db",
            "instance_initiated_shutdown_behavior": "stop",
            "instance_state": "running",
            "instance_type": "t2.micro",
            "ipv6_address_count": 0,
            "ipv6_addresses": [],
            "key_name": "task1-dev-linux-eu-west-1",
            "launch_template": [],
            "metadata_options": [
              {
                "http_endpoint": "enabled",
                "http_put_response_hop_limit": 1,
                "http_tokens": "optional",
                "instance_metadata_tags": "disabled"
              }
            ],
            "monitoring": false,
            "network_interface": [],
            "outpost_arn": "",
            "password_data": "",
            "placement_group": "",
            "placement_partition_number": null,
            "primary_network_interface_id": "eni-0cfa3d2bdecc7e6ab",
            "private_dns": "ip-10-11-1-145.eu-west-1.compute.internal",
            "private_ip": "10.11.1.145",
            "public_dns": "ec2-34-245-105-150.eu-west-1.compute.amazonaws.com",
            "public_ip": "34.245.105.150",
            "root_block_device": [
              {
                "delete_on_termination": true,
                "device_name": "/dev/sda1",
                "encrypted": true,
                "iops": 100,
                "kms_key_id": "arn:aws:kms:eu-west-1:881964879253:key/dc167ed5-6788-4ce9-ad7c-f0338111d622",
                "tags": null,
                "throughput": 0,
                "volume_id": "vol-0540d6c5e652a0130",
                "volume_size": 20,
                "volume_type": "gp2"
              }
            ],
            "secondary_private_ips": [],
            "security_groups": [],
            "source_dest_check": false,
            "subnet_id": "subnet-0c823bd6802878d8b",
            "tags": {
              "Inventory": "dev",
              "Name": "linux-server 0"
            },
            "tags_all": {
              "Inventory": "dev",
              "Name": "linux-server 0"
            },
            "tenancy": "default",
            "timeouts": null,
            "user_data": "2268c7054f89d7446aceac7187055e2295f2b25c",
            "user_data_base64": null,
            "volume_tags": null,
            "vpc_security_group_ids": [
              "sg-0910a57bd7e0f12a5"
            ]
          },
          "sensitive_attributes": [],
          "private": "eyJlMmJmYjczMC1lY2FhLTExZTYtOGY4OC0zNDM2M2JjN2M0YzAiOnsiY3JlYXRlIjo2MDAwMDAwMDAwMDAsImRlbGV0ZSI6MTIwMDAwMDAwMDAwMCwidXBkYXRlIjo2MDAwMDAwMDAwMDB9LCJzY2hlbWFfdmVyc2lvbiI6IjEifQ==",
          "dependencies": [
            "aws_key_pair.key_pair",
            "aws_security_group.aws-linux-sg",
            "aws_subnet.public-subnet",
            "aws_vpc.vpc",
            "data.aws_ami.centos-8",
            "tls_private_key.key_pair"
          ]
        }
      ]
    },
    {
      "mode": "managed",
      "type": "aws_internet_gateway",
      "name": "gw",
      "provider": "provider[\"registry.terraform.io/hashicorp/aws\"]",
      "instances": [
        {
          "schema_version": 0,
          "attributes": {
            "arn": "arn:aws:ec2:eu-west-1:881964879253:internet-gateway/igw-0f79a0b902d0d8f45",
            "id": "igw-0f79a0b902d0d8f45",
            "owner_id": "881964879253",
            "tags": {
              "Environment": "dev",
              "Name": "task1-dev-igw"
            },
            "tags_all": {
              "Environment": "dev",
              "Name": "task1-dev-igw"
            },
            "vpc_id": "vpc-09c3d11de890c9a0d"
          },
          "sensitive_attributes": [],
          "private": "bnVsbA==",
          "dependencies": [
            "aws_vpc.vpc"
          ]
        }
      ]
    },
    {
      "mode": "managed",
      "type": "aws_key_pair",
      "name": "key_pair",
      "provider": "provider[\"registry.terraform.io/hashicorp/aws\"]",
      "instances": [
        {
          "schema_version": 1,
          "attributes": {
            "arn": "arn:aws:ec2:eu-west-1:881964879253:key-pair/task1-dev-linux-eu-west-1",
            "fingerprint": "c8:d5:12:f2:1d:5c:49:b8:a8:38:2f:2f:73:42:3c:3c",
            "id": "task1-dev-linux-eu-west-1",
            "key_name": "task1-dev-linux-eu-west-1",
            "key_name_prefix": "",
            "key_pair_id": "key-0f0b257829617f462",
            "public_key": "ssh-rsa AAAAB3NzaC1yc2EAAAADAQABAAACAQCgM+107UoXmoxeRQWR0SgzoCpBofNCGDtb4SNFwSkSdI3vlSZKRaTFvYER5iClO4LFZL9llEePv9GNQYtKsRkZJ3xFgjw4oFK0OEOVVTv+X3/cTE+vIW0tWAjBoHcGlpbsuoiNpT2mBb3Ja8q+X9XzQGtYVSBLdCwZom4KPA0RVqPD8v3Z4jzpUOzLB2q2KS+hKDnLeT3FXKHbPcD4o3eNSa8HNVSYmnLr28S+lL8g+f4lcxs+GZ9JwBCVi366QwaEPAnnvczKQ46XyU7bfOBZyYdSZEEcW189NMrvW8JnsTWTfzYArI3huNUCH0VOYfnKf1RQZ2s7E6yeCUFQE+kOzIqUD9fVDvPd9NDh1b2QPe0yE/m9V0l/+cjw+yvLqeP+MM9MO2+kKDE2ldMhHQYgk39gyvSLRE244MZi6NacvADZmG2SyUzohh4p9tiHFgp6oQNMw+wYLCO4OyQYSDd6cw+WeGW0zTkyqrOGe9AboWbPORWhsy3W7L5YcbLbSdlUEUHY9ulYD+coZ2l0xRox6Nb3TTpTQu/oXO/Lt6xGyvHYxwpKyx9C0nK3mqXpiwCuiLpmfeJI0ukQMbob3XseA3dHsyb32UnZu4apzIoGDKWBoyshYg9L4M8VP4pC/R4aeFb0P0b17twEbXEbrBxupXhES7HBtc9lEKalygmxvQ==",
            "tags": null,
            "tags_all": {}
          },
          "sensitive_attributes": [],
          "private": "eyJzY2hlbWFfdmVyc2lvbiI6IjEifQ==",
          "dependencies": [
            "tls_private_key.key_pair"
          ]
        }
      ]
    },
    {
      "mode": "managed",
      "type": "aws_route_table",
      "name": "public-rt",
      "provider": "provider[\"registry.terraform.io/hashicorp/aws\"]",
      "instances": [
        {
          "schema_version": 0,
          "attributes": {
            "arn": "arn:aws:ec2:eu-west-1:881964879253:route-table/rtb-077922802516d142a",
            "id": "rtb-077922802516d142a",
            "owner_id": "881964879253",
            "propagating_vgws": [],
            "route": [
              {
                "carrier_gateway_id": "",
                "cidr_block": "0.0.0.0/0",
                "destination_prefix_list_id": "",
                "egress_only_gateway_id": "",
                "gateway_id": "igw-0f79a0b902d0d8f45",
                "instance_id": "",
                "ipv6_cidr_block": "",
                "local_gateway_id": "",
                "nat_gateway_id": "",
                "network_interface_id": "",
                "transit_gateway_id": "",
                "vpc_endpoint_id": "",
                "vpc_peering_connection_id": ""
              }
            ],
            "tags": {
              "Environment": "dev",
              "Name": "task1-dev-public-subnet-rt"
            },
            "tags_all": {
              "Environment": "dev",
              "Name": "task1-dev-public-subnet-rt"
            },
            "timeouts": null,
            "vpc_id": "vpc-09c3d11de890c9a0d"
          },
          "sensitive_attributes": [],
          "private": "eyJlMmJmYjczMC1lY2FhLTExZTYtOGY4OC0zNDM2M2JjN2M0YzAiOnsiY3JlYXRlIjozMDAwMDAwMDAwMDAsImRlbGV0ZSI6MzAwMDAwMDAwMDAwLCJ1cGRhdGUiOjEyMDAwMDAwMDAwMH19",
          "dependencies": [
            "aws_internet_gateway.gw",
            "aws_vpc.vpc"
          ]
        }
      ]
    },
    {
      "mode": "managed",
      "type": "aws_route_table_association",
      "name": "public-rt-association",
      "provider": "provider[\"registry.terraform.io/hashicorp/aws\"]",
      "instances": [
        {
          "schema_version": 0,
          "attributes": {
            "gateway_id": "",
            "id": "rtbassoc-0651957b290ea5dc8",
            "route_table_id": "rtb-077922802516d142a",
            "subnet_id": "subnet-0c823bd6802878d8b"
          },
          "sensitive_attributes": [],
          "private": "bnVsbA==",
          "dependencies": [
            "aws_internet_gateway.gw",
            "aws_route_table.public-rt",
            "aws_subnet.public-subnet",
            "aws_vpc.vpc"
          ]
        }
      ]
    },
    {
      "mode": "managed",
      "type": "aws_security_group",
      "name": "aws-linux-sg",
      "provider": "provider[\"registry.terraform.io/hashicorp/aws\"]",
      "instances": [
        {
          "schema_version": 1,
          "attributes": {
            "arn": "arn:aws:ec2:eu-west-1:881964879253:security-group/sg-0910a57bd7e0f12a5",
            "description": "Allow incoming HTTP connections",
            "egress": [
              {
                "cidr_blocks": [
                  "0.0.0.0/0"
                ],
                "description": "Allow outgoing connections out of the instance",
                "from_port": 0,
                "ipv6_cidr_blocks": [],
                "prefix_list_ids": [],
                "protocol": "-1",
                "security_groups": [],
                "self": false,
                "to_port": 0
              }
            ],
            "id": "sg-0910a57bd7e0f12a5",
            "ingress": [
              {
                "cidr_blocks": [
                  "0.0.0.0/0"
                ],
                "description": "Allow incoming HTTP connections",
                "from_port": 80,
                "ipv6_cidr_blocks": [],
                "prefix_list_ids": [],
                "protocol": "tcp",
                "security_groups": [],
                "self": false,
                "to_port": 80
              },
              {
                "cidr_blocks": [
                  "0.0.0.0/0"
                ],
                "description": "Allow incoming SSH connections",
                "from_port": 22,
                "ipv6_cidr_blocks": [],
                "prefix_list_ids": [],
                "protocol": "tcp",
                "security_groups": [],
                "self": false,
                "to_port": 22
              }
            ],
            "name": "task1-dev-linux-sg",
            "name_prefix": "",
            "owner_id": "881964879253",
            "revoke_rules_on_delete": false,
            "tags": {
              "Environment": "dev",
              "Name": "task1-dev-linux-sg"
            },
            "tags_all": {
              "Environment": "dev",
              "Name": "task1-dev-linux-sg"
            },
            "timeouts": null,
            "vpc_id": "vpc-09c3d11de890c9a0d"
          },
          "sensitive_attributes": [],
          "private": "eyJlMmJmYjczMC1lY2FhLTExZTYtOGY4OC0zNDM2M2JjN2M0YzAiOnsiY3JlYXRlIjo2MDAwMDAwMDAwMDAsImRlbGV0ZSI6OTAwMDAwMDAwMDAwfSwic2NoZW1hX3ZlcnNpb24iOiIxIn0=",
          "dependencies": [
            "aws_vpc.vpc"
          ]
        }
      ]
    },
    {
      "mode": "managed",
      "type": "aws_subnet",
      "name": "public-subnet",
      "provider": "provider[\"registry.terraform.io/hashicorp/aws\"]",
      "instances": [
        {
          "schema_version": 1,
          "attributes": {
            "arn": "arn:aws:ec2:eu-west-1:881964879253:subnet/subnet-0c823bd6802878d8b",
            "assign_ipv6_address_on_creation": false,
            "availability_zone": "eu-west-1c",
            "availability_zone_id": "euw1-az1",
            "cidr_block": "10.11.1.0/24",
            "customer_owned_ipv4_pool": "",
            "enable_dns64": false,
            "enable_resource_name_dns_a_record_on_launch": false,
            "enable_resource_name_dns_aaaa_record_on_launch": false,
            "id": "subnet-0c823bd6802878d8b",
            "ipv6_cidr_block": "",
            "ipv6_cidr_block_association_id": "",
            "ipv6_native": false,
            "map_customer_owned_ip_on_launch": false,
            "map_public_ip_on_launch": false,
            "outpost_arn": "",
            "owner_id": "881964879253",
            "private_dns_hostname_type_on_launch": "ip-name",
            "tags": {
              "Environment": "dev",
              "Name": "task1-dev-public-subnet"
            },
            "tags_all": {
              "Environment": "dev",
              "Name": "task1-dev-public-subnet"
            },
            "timeouts": null,
            "vpc_id": "vpc-09c3d11de890c9a0d"
          },
          "sensitive_attributes": [],
          "private": "eyJlMmJmYjczMC1lY2FhLTExZTYtOGY4OC0zNDM2M2JjN2M0YzAiOnsiY3JlYXRlIjo2MDAwMDAwMDAwMDAsImRlbGV0ZSI6MTIwMDAwMDAwMDAwMH0sInNjaGVtYV92ZXJzaW9uIjoiMSJ9",
          "dependencies": [
            "aws_vpc.vpc"
          ]
        }
      ]
    },
    {
      "mode": "managed",
      "type": "aws_vpc",
      "name": "vpc",
      "provider": "provider[\"registry.terraform.io/hashicorp/aws\"]",
      "instances": [
        {
          "schema_version": 1,
          "attributes": {
            "arn": "arn:aws:ec2:eu-west-1:881964879253:vpc/vpc-09c3d11de890c9a0d",
            "assign_generated_ipv6_cidr_block": false,
            "cidr_block": "10.11.0.0/16",
            "default_network_acl_id": "acl-0c2064ea472943dc0",
            "default_route_table_id": "rtb-089b00bb0a1962d74",
            "default_security_group_id": "sg-0205461c78e79766c",
            "dhcp_options_id": "dopt-0cbac607347b20ee5",
            "enable_classiclink": false,
            "enable_classiclink_dns_support": false,
            "enable_dns_hostnames": true,
            "enable_dns_support": true,
            "id": "vpc-09c3d11de890c9a0d",
            "instance_tenancy": "default",
            "ipv4_ipam_pool_id": null,
            "ipv4_netmask_length": null,
            "ipv6_association_id": "",
            "ipv6_cidr_block": "",
            "ipv6_cidr_block_network_border_group": "",
            "ipv6_ipam_pool_id": "",
            "ipv6_netmask_length": 0,
            "main_route_table_id": "rtb-089b00bb0a1962d74",
            "owner_id": "881964879253",
            "tags": {
              "Environment": "dev",
              "Name": "task1-dev-vpc"
            },
            "tags_all": {
              "Environment": "dev",
              "Name": "task1-dev-vpc"
            }
          },
          "sensitive_attributes": [],
          "private": "eyJzY2hlbWFfdmVyc2lvbiI6IjEifQ=="
        }
      ]
    },
    {
      "mode": "managed",
      "type": "local_file",
      "name": "ssh_key",
      "provider": "provider[\"registry.terraform.io/hashicorp/local\"]",
      "instances": [
        {
          "schema_version": 0,
          "attributes": {
            "content": "-----BEGIN RSA PRIVATE KEY-----\nMIIJKAIBAAKCAgEAoDPtdO1KF5qMXkUFkdEoM6AqQaHzQhg7W+EjRcEpEnSN75Um\nSkWkxb2BEeYgpTuCxWS/ZZRHj7/RjUGLSrEZGSd8RYI8OKBStDhDlVU7/l9/3ExP\nryFtLVgIwaB3BpaW7LqIjaU9pgW9yWvKvl/V80BrWFUgS3QsGaJuCjwNEVajw/L9\n2eI86VDsywdqtikvoSg5y3k9xVyh2z3A+KN3jUmvBzVUmJpy69vEvpS/IPn+JXMb\nPhmfScAQlYt+ukMGhDwJ573MykOOl8lO23zgWcmHUmRBHFtfPTTK71vCZ7E1k382\nAKyN4bjVAh9FTmH5yn9UUGdrOxOsnglBUBPpDsyKlA/X1Q7z3fTQ4dW9kD3tMhP5\nvVdJf/nI8Psry6nj/jDPTDtvpCgxNpXTIR0GIJN/YMr0i0RNuODGYujWnLwA2Zht\nkslM6IYeKfbYhxYKeqEDTMPsGCwjuDskGEg3enMPlnhltM05MqqzhnvQG6FmzzkV\nobMt1uy+WHGy20nZVBFB2PbpWA/nKGdpdMUaMejW9006U0Lv6Fzvy7esRsrx2McK\nSssfQtJyt5ql6YsAroi6Zn3iSNLpEDG6G917HgN3R7Mm99lJ2buGqcyKBgylgaMr\nIWIPS+DPFT+KQv0eGnhW9D9G9e7cBG1xG6wcbqV4REuxwbXPZRCmpcoJsb0CAwEA\nAQKCAgBWLzlq8xEuG5WyTV2Osb/37g1tm6ubfh/I8RihuSXYaN3G6y1bPZZETwu1\nzmD3o0lZ2jZhdmD9Q4t/e6hs+VNwRd7EIik1qYJ0s+Qf3WfWFBhcMq2XoNr0Tuz/\nBc2ivLbbCgrWcPP2chZE2vmKa1JVd+2H6tvh29CxxcF/Pgklr7+QdhP8+IoeVsvc\n+dN9xjB6eYKGJWaG26uzn8hFuuNhHifML/Of2U9D9colYS5lljgUe5VHVk9sRKhn\nW1FE8TP7RbVqd6BJnAiFPeZvjAHCK/nh6E9i6wEUk2ctV+cBE8On4wLxX+NAcMgf\nSSVm4qyYNOHuE4ULli0CJCZ/5wY0dw3xlxsTQn0+1MfVmkmdKT8kIsG6nmq8M6Xf\nFf/j6M/vZ4SCnzrktTisTSfJIKmN03xDgi6e2jQRGq+LvDEMzHe68uuHdRQZ1xbv\nDUt4vmHfsF7b8iGRjvTfMTopsRsazhh7bjbdgn6B5tKvEwdQnzqPOwAINqFQ0cb9\nWtBif57zvlErAVgwaWcQenAn+t3YLa3DKcDKwh0v7TB13ShWsxoGQjvnJzhdwvLf\nS3fDV1oPaUJQvb89//jmpZkDMgQlFhos0ea0ebTX/8xYeF6YKERl4h8osVZEdNKK\nvQdIWlo1cRqigURrOvyclixBtX98JXGJYk/uh1p9pBoMGz0iXQKCAQEAyk9ZKt/P\nNPi//G1DlrM0My3iD8QhjwpW0L+7DXQ3vd0T7KmpNLQugP0f027DCLVM2a5Ly97Z\nmhoCYDUp1b50jUjeddkQ7vdSowGJDtlEtN0boK/4jxmpp2SdQeZb7l+qpuT4F8Ll\n6D579Ma07lqxQipk1faVMgMY6fDnmAUqcV7iqGZxZNnKdRfGxgUqgENt53ljUDCC\nDnFa7s8BJIeBVZceGa0J855kjqaPLLVvY+hoCeWpKF/94+n4W6RhH7VCO7NKXFfy\nbm+k/4QyQ2uxYvUjTwBTRNmrZ9fuatRGRhE15CkgRDC1PimxtvKDmtqiI/Mj0WUc\nRpPGCCWKl3+OMwKCAQEAyrfhtv6r1yU+LgOJyLE+DiD0jtnxfVjlfDtMe2pDgGuq\nr5S4rFJ7Hqw16P99IZsJskPBKlDMTKNCzOs9y87HFcX93Eh/JbppctoD79tgE/lf\n8YQzQZGK7Uls/id9HPuo5iieOipK6MFDFaZB2HYuMkgyYRf0DVQxHHT3BvWz7Jo4\nvFvdAXi+nKpZ7h7+4qZt1eqUenqrtciXnzHl0/X5tIUDtMbLwf4c4ZLhsqghV8xq\nG7EUugIWbY5N0WWSlKbLm72MuI1SOI+B3O+FZ/jAWe4v8SJxHKwmLsBGxmgYkh3z\nTUK0x/hifLHVG19Orr0hBi4kRrypkF1ToYntQy/wTwKCAQEAvNHoKDLxYsBT95ZH\nQe0J6EaHui1VIPsGYhjAzWLN77/aK8WB7nXI/YzCWoUDNSp5iqW5ipL4x3JFC2Qz\nIpJ6l68OKjGpM0/Uad0x/ZDdJm1DrurucykBhgFLIMmOveG+FbyYrRyzldpTuPaI\nwfoVfOqyaFyXjTEE3LuCfAk+PsfPhlrutLDs2/KQDBugOkw01JkgDyTnDfHQbBj6\nOQzbsnWzm0U8h4sq0VU1RgYk67tq9unJwqws+75Qlb/LAlwbcDr7SUqwM1CyT+Uj\nQHfP/MtM5Bwqm5UI/Ie1tzFeUWEYylV0DxDi6BzkCBs6p5otQJ5arMHQ7TJY3xui\nyZk8rwKCAQAQrbBUbf+VY+sJviDH8k04vF1io2vK9FVtMzPHs6Z6GmGgsIvBIcgf\nbevBj8Or0CWsFQb/hEZKx+PnGDOtYQXgNLn+NbjAUeX7HRTV1ybAffP22vmcm2zi\nuPfOsVEJ4Wq0BQN/pZskK0JptZQVSyPh3y7F7kKWFic0QCtS10RGYynn1WcJh/Wm\nzh04CjTOUQMYZoRwz0bxXd+bqW9PUR2KTKdRaEm7XDzkEkGfgVW884SHYrph02ok\n+WBNqh21PUPjPGUnifkJzkTQ+KPxOfYZcA9ht4O26DL8BbXM/SOIYg5yfNqC2VzB\nBaCS7/R5S/Y7m/BAIaWRyxvmXoK21GrhAoIBACrO6LoMCxrhE2WJpR983EfXCXtF\nrCiVtxwfQ3g8utqDTPLqFe11kqnjaUDfwGJAarVi8Apda//9I+53AO14BB5AshJ+\npWUUl7Vydqm17t+ybvXMAKjSLwVCauH9KEPdMmIKXea9QyT5myIyTj+ej+upbPuL\nLfUg9880ZqeaCycU/Wn8Pfr+m46zXEV3TSyx2B5wvbEQZ3m8CMefYBoN3y6CYJCM\n6/eGWFcLHxKoXXraL+njlWZiIz4TWVrK64DhVbPrhP474THygwfsyjz3r6Lmcr5K\nprtVyBVFa2skhuIS1UI7UuS2RqUsd4TkHPJ+vgC72JRNFbPsuJOlXqdqzmM=\n-----END RSA PRIVATE KEY-----\n",
            "content_base64": null,
            "directory_permission": "0777",
            "file_permission": "400",
            "filename": "task1-dev-linux-eu-west-1.pem",
            "id": "79f3a67f231feabbba2bb81176979cd1e3e5832a",
            "sensitive_content": null,
            "source": null
          },
          "sensitive_attributes": [
            [
              {
                "type": "get_attr",
                "value": "content"
              }
            ]
          ],
          "private": "bnVsbA==",
          "dependencies": [
            "aws_key_pair.key_pair",
            "tls_private_key.key_pair"
          ]
        }
      ]
    },
    {
      "mode": "managed",
      "type": "tls_private_key",
      "name": "key_pair",
      "provider": "provider[\"registry.terraform.io/hashicorp/tls\"]",
      "instances": [
        {
          "schema_version": 0,
          "attributes": {
            "algorithm": "RSA",
            "ecdsa_curve": "P224",
            "id": "410c1c547797707c7e708837b1d8f7c3af006fbf",
            "private_key_openssh": "-----BEGIN OPENSSH PRIVATE KEY-----\nb3BlbnNzaC1rZXktdjEAAAAABG5vbmUAAAAEbm9uZQAAAAAAAAABAAACFwAAAAdz\nc2gtcnNhAAAAAwEAAQAAAgEAoDPtdO1KF5qMXkUFkdEoM6AqQaHzQhg7W+EjRcEp\nEnSN75UmSkWkxb2BEeYgpTuCxWS/ZZRHj7/RjUGLSrEZGSd8RYI8OKBStDhDlVU7\n/l9/3ExPryFtLVgIwaB3BpaW7LqIjaU9pgW9yWvKvl/V80BrWFUgS3QsGaJuCjwN\nEVajw/L92eI86VDsywdqtikvoSg5y3k9xVyh2z3A+KN3jUmvBzVUmJpy69vEvpS/\nIPn+JXMbPhmfScAQlYt+ukMGhDwJ573MykOOl8lO23zgWcmHUmRBHFtfPTTK71vC\nZ7E1k382AKyN4bjVAh9FTmH5yn9UUGdrOxOsnglBUBPpDsyKlA/X1Q7z3fTQ4dW9\nkD3tMhP5vVdJf/nI8Psry6nj/jDPTDtvpCgxNpXTIR0GIJN/YMr0i0RNuODGYujW\nnLwA2ZhtkslM6IYeKfbYhxYKeqEDTMPsGCwjuDskGEg3enMPlnhltM05MqqzhnvQ\nG6FmzzkVobMt1uy+WHGy20nZVBFB2PbpWA/nKGdpdMUaMejW9006U0Lv6Fzvy7es\nRsrx2McKSssfQtJyt5ql6YsAroi6Zn3iSNLpEDG6G917HgN3R7Mm99lJ2buGqcyK\nBgylgaMrIWIPS+DPFT+KQv0eGnhW9D9G9e7cBG1xG6wcbqV4REuxwbXPZRCmpcoJ\nsb0AAAc48l9p9PJfafQAAAAHc3NoLXJzYQAAAgEAoDPtdO1KF5qMXkUFkdEoM6Aq\nQaHzQhg7W+EjRcEpEnSN75UmSkWkxb2BEeYgpTuCxWS/ZZRHj7/RjUGLSrEZGSd8\nRYI8OKBStDhDlVU7/l9/3ExPryFtLVgIwaB3BpaW7LqIjaU9pgW9yWvKvl/V80Br\nWFUgS3QsGaJuCjwNEVajw/L92eI86VDsywdqtikvoSg5y3k9xVyh2z3A+KN3jUmv\nBzVUmJpy69vEvpS/IPn+JXMbPhmfScAQlYt+ukMGhDwJ573MykOOl8lO23zgWcmH\nUmRBHFtfPTTK71vCZ7E1k382AKyN4bjVAh9FTmH5yn9UUGdrOxOsnglBUBPpDsyK\nlA/X1Q7z3fTQ4dW9kD3tMhP5vVdJf/nI8Psry6nj/jDPTDtvpCgxNpXTIR0GIJN/\nYMr0i0RNuODGYujWnLwA2ZhtkslM6IYeKfbYhxYKeqEDTMPsGCwjuDskGEg3enMP\nlnhltM05MqqzhnvQG6FmzzkVobMt1uy+WHGy20nZVBFB2PbpWA/nKGdpdMUaMejW\n9006U0Lv6Fzvy7esRsrx2McKSssfQtJyt5ql6YsAroi6Zn3iSNLpEDG6G917HgN3\nR7Mm99lJ2buGqcyKBgylgaMrIWIPS+DPFT+KQv0eGnhW9D9G9e7cBG1xG6wcbqV4\nREuxwbXPZRCmpcoJsb0AAAADAQABAAACAFYvOWrzES4blbJNXY6xv/fuDW2bq5t+\nH8jxGKG5Jdho3cbrLVs9lkRPC7XOYPejSVnaNmF2YP1Di397qGz5U3BF3sQiKTWp\ngnSz5B/dZ9YUGFwyrZeg2vRO7P8FzaK8ttsKCtZw8/ZyFkTa+YprUlV37Yfq2+Hb\n0LHFwX8+CSWvv5B2E/z4ih5Wy9z5033GMHp5goYlZobbq7OfyEW642EeJ8wv85/Z\nT0P1yiVhLmWWOBR7lUdWT2xEqGdbUUTxM/tFtWp3oEmcCIU95m+MAcIr+eHoT2Lr\nARSTZy1X5wETw6fjAvFf40BwyB9JJWbirJg04e4ThQuWLQIkJn/nBjR3DfGXGxNC\nfT7Ux9WaSZ0pPyQiwbqearwzpd8V/+Poz+9nhIKfOuS1OKxNJ8kgqY3TfEOCLp7a\nNBEar4u8MQzMd7ry64d1FBnXFu8NS3i+Yd+wXtvyIZGO9N8xOimxGxrOGHtuNt2C\nfoHm0q8TB1CfOo87AAg2oVDRxv1a0GJ/nvO+USsBWDBpZxB6cCf63dgtrcMpwMrC\nHS/tMHXdKFazGgZCO+cnOF3C8t9Ld8NXWg9pQlC9vz3/+OalmQMyBCUWGizR5rR5\ntNf/zFh4XpgoRGXiHyixVkR00oq9B0haWjVxGqKBRGs6/JyWLEG1f3wlcYliT+6H\nWn2kGgwbPSJdAAABACrO6LoMCxrhE2WJpR983EfXCXtFrCiVtxwfQ3g8utqDTPLq\nFe11kqnjaUDfwGJAarVi8Apda//9I+53AO14BB5AshJ+pWUUl7Vydqm17t+ybvXM\nAKjSLwVCauH9KEPdMmIKXea9QyT5myIyTj+ej+upbPuLLfUg9880ZqeaCycU/Wn8\nPfr+m46zXEV3TSyx2B5wvbEQZ3m8CMefYBoN3y6CYJCM6/eGWFcLHxKoXXraL+nj\nlWZiIz4TWVrK64DhVbPrhP474THygwfsyjz3r6Lmcr5KprtVyBVFa2skhuIS1UI7\nUuS2RqUsd4TkHPJ+vgC72JRNFbPsuJOlXqdqzmMAAAEBAMpPWSrfzzT4v/xtQ5az\nNDMt4g/EIY8KVtC/uw10N73dE+ypqTS0LoD9H9Nuwwi1TNmuS8ve2ZoaAmA1KdW+\ndI1I3nXZEO73UqMBiQ7ZRLTdG6Cv+I8ZqadknUHmW+5fqqbk+BfC5eg+e/TGtO5a\nsUIqZNX2lTIDGOnw55gFKnFe4qhmcWTZynUXxsYFKoBDbed5Y1Awgg5xWu7PASSH\ngVWXHhmtCfOeZI6mjyy1b2PoaAnlqShf/ePp+FukYR+1QjuzSlxX8m5vpP+EMkNr\nsWL1I08AU0TZq2fX7mrURkYRNeQpIEQwtT4psbbyg5raoiPzI9FlHEaTxgglipd/\njjMAAAEBAMq34bb+q9clPi4DicixPg4g9I7Z8X1Y5Xw7THtqQ4Brqq+UuKxSex6s\nNej/fSGbCbJDwSpQzEyjQszrPcvOxxXF/dxIfyW6aXLaA+/bYBP5X/GEM0GRiu1J\nbP4nfRz7qOYonjoqSujBQxWmQdh2LjJIMmEX9A1UMRx09wb1s+yaOLxb3QF4vpyq\nWe4e/uKmbdXqlHp6q7XIl58x5dP1+bSFA7TGy8H+HOGS4bKoIVfMahuxFLoCFm2O\nTdFlkpSmy5u9jLiNUjiPgdzvhWf4wFnuL/EicRysJi7ARsZoGJId801CtMf4Ynyx\n1RtfTq69IQYuJEa8qZBdU6GJ7UMv8E8AAAAAAQID\n-----END OPENSSH PRIVATE KEY-----\n",
            "private_key_pem": "-----BEGIN RSA PRIVATE KEY-----\nMIIJKAIBAAKCAgEAoDPtdO1KF5qMXkUFkdEoM6AqQaHzQhg7W+EjRcEpEnSN75Um\nSkWkxb2BEeYgpTuCxWS/ZZRHj7/RjUGLSrEZGSd8RYI8OKBStDhDlVU7/l9/3ExP\nryFtLVgIwaB3BpaW7LqIjaU9pgW9yWvKvl/V80BrWFUgS3QsGaJuCjwNEVajw/L9\n2eI86VDsywdqtikvoSg5y3k9xVyh2z3A+KN3jUmvBzVUmJpy69vEvpS/IPn+JXMb\nPhmfScAQlYt+ukMGhDwJ573MykOOl8lO23zgWcmHUmRBHFtfPTTK71vCZ7E1k382\nAKyN4bjVAh9FTmH5yn9UUGdrOxOsnglBUBPpDsyKlA/X1Q7z3fTQ4dW9kD3tMhP5\nvVdJf/nI8Psry6nj/jDPTDtvpCgxNpXTIR0GIJN/YMr0i0RNuODGYujWnLwA2Zht\nkslM6IYeKfbYhxYKeqEDTMPsGCwjuDskGEg3enMPlnhltM05MqqzhnvQG6FmzzkV\nobMt1uy+WHGy20nZVBFB2PbpWA/nKGdpdMUaMejW9006U0Lv6Fzvy7esRsrx2McK\nSssfQtJyt5ql6YsAroi6Zn3iSNLpEDG6G917HgN3R7Mm99lJ2buGqcyKBgylgaMr\nIWIPS+DPFT+KQv0eGnhW9D9G9e7cBG1xG6wcbqV4REuxwbXPZRCmpcoJsb0CAwEA\nAQKCAgBWLzlq8xEuG5WyTV2Osb/37g1tm6ubfh/I8RihuSXYaN3G6y1bPZZETwu1\nzmD3o0lZ2jZhdmD9Q4t/e6hs+VNwRd7EIik1qYJ0s+Qf3WfWFBhcMq2XoNr0Tuz/\nBc2ivLbbCgrWcPP2chZE2vmKa1JVd+2H6tvh29CxxcF/Pgklr7+QdhP8+IoeVsvc\n+dN9xjB6eYKGJWaG26uzn8hFuuNhHifML/Of2U9D9colYS5lljgUe5VHVk9sRKhn\nW1FE8TP7RbVqd6BJnAiFPeZvjAHCK/nh6E9i6wEUk2ctV+cBE8On4wLxX+NAcMgf\nSSVm4qyYNOHuE4ULli0CJCZ/5wY0dw3xlxsTQn0+1MfVmkmdKT8kIsG6nmq8M6Xf\nFf/j6M/vZ4SCnzrktTisTSfJIKmN03xDgi6e2jQRGq+LvDEMzHe68uuHdRQZ1xbv\nDUt4vmHfsF7b8iGRjvTfMTopsRsazhh7bjbdgn6B5tKvEwdQnzqPOwAINqFQ0cb9\nWtBif57zvlErAVgwaWcQenAn+t3YLa3DKcDKwh0v7TB13ShWsxoGQjvnJzhdwvLf\nS3fDV1oPaUJQvb89//jmpZkDMgQlFhos0ea0ebTX/8xYeF6YKERl4h8osVZEdNKK\nvQdIWlo1cRqigURrOvyclixBtX98JXGJYk/uh1p9pBoMGz0iXQKCAQEAyk9ZKt/P\nNPi//G1DlrM0My3iD8QhjwpW0L+7DXQ3vd0T7KmpNLQugP0f027DCLVM2a5Ly97Z\nmhoCYDUp1b50jUjeddkQ7vdSowGJDtlEtN0boK/4jxmpp2SdQeZb7l+qpuT4F8Ll\n6D579Ma07lqxQipk1faVMgMY6fDnmAUqcV7iqGZxZNnKdRfGxgUqgENt53ljUDCC\nDnFa7s8BJIeBVZceGa0J855kjqaPLLVvY+hoCeWpKF/94+n4W6RhH7VCO7NKXFfy\nbm+k/4QyQ2uxYvUjTwBTRNmrZ9fuatRGRhE15CkgRDC1PimxtvKDmtqiI/Mj0WUc\nRpPGCCWKl3+OMwKCAQEAyrfhtv6r1yU+LgOJyLE+DiD0jtnxfVjlfDtMe2pDgGuq\nr5S4rFJ7Hqw16P99IZsJskPBKlDMTKNCzOs9y87HFcX93Eh/JbppctoD79tgE/lf\n8YQzQZGK7Uls/id9HPuo5iieOipK6MFDFaZB2HYuMkgyYRf0DVQxHHT3BvWz7Jo4\nvFvdAXi+nKpZ7h7+4qZt1eqUenqrtciXnzHl0/X5tIUDtMbLwf4c4ZLhsqghV8xq\nG7EUugIWbY5N0WWSlKbLm72MuI1SOI+B3O+FZ/jAWe4v8SJxHKwmLsBGxmgYkh3z\nTUK0x/hifLHVG19Orr0hBi4kRrypkF1ToYntQy/wTwKCAQEAvNHoKDLxYsBT95ZH\nQe0J6EaHui1VIPsGYhjAzWLN77/aK8WB7nXI/YzCWoUDNSp5iqW5ipL4x3JFC2Qz\nIpJ6l68OKjGpM0/Uad0x/ZDdJm1DrurucykBhgFLIMmOveG+FbyYrRyzldpTuPaI\nwfoVfOqyaFyXjTEE3LuCfAk+PsfPhlrutLDs2/KQDBugOkw01JkgDyTnDfHQbBj6\nOQzbsnWzm0U8h4sq0VU1RgYk67tq9unJwqws+75Qlb/LAlwbcDr7SUqwM1CyT+Uj\nQHfP/MtM5Bwqm5UI/Ie1tzFeUWEYylV0DxDi6BzkCBs6p5otQJ5arMHQ7TJY3xui\nyZk8rwKCAQAQrbBUbf+VY+sJviDH8k04vF1io2vK9FVtMzPHs6Z6GmGgsIvBIcgf\nbevBj8Or0CWsFQb/hEZKx+PnGDOtYQXgNLn+NbjAUeX7HRTV1ybAffP22vmcm2zi\nuPfOsVEJ4Wq0BQN/pZskK0JptZQVSyPh3y7F7kKWFic0QCtS10RGYynn1WcJh/Wm\nzh04CjTOUQMYZoRwz0bxXd+bqW9PUR2KTKdRaEm7XDzkEkGfgVW884SHYrph02ok\n+WBNqh21PUPjPGUnifkJzkTQ+KPxOfYZcA9ht4O26DL8BbXM/SOIYg5yfNqC2VzB\nBaCS7/R5S/Y7m/BAIaWRyxvmXoK21GrhAoIBACrO6LoMCxrhE2WJpR983EfXCXtF\nrCiVtxwfQ3g8utqDTPLqFe11kqnjaUDfwGJAarVi8Apda//9I+53AO14BB5AshJ+\npWUUl7Vydqm17t+ybvXMAKjSLwVCauH9KEPdMmIKXea9QyT5myIyTj+ej+upbPuL\nLfUg9880ZqeaCycU/Wn8Pfr+m46zXEV3TSyx2B5wvbEQZ3m8CMefYBoN3y6CYJCM\n6/eGWFcLHxKoXXraL+njlWZiIz4TWVrK64DhVbPrhP474THygwfsyjz3r6Lmcr5K\nprtVyBVFa2skhuIS1UI7UuS2RqUsd4TkHPJ+vgC72JRNFbPsuJOlXqdqzmM=\n-----END RSA PRIVATE KEY-----\n",
            "public_key_fingerprint_md5": "53:bb:5c:83:32:b2:b7:8d:e2:df:2c:41:c0:2b:3f:48",
            "public_key_fingerprint_sha256": "SHA256:ltCRmwhonbNaMghSKwvQCfZL69D7pIm3/b2ZITdr6bU",
            "public_key_openssh": "ssh-rsa AAAAB3NzaC1yc2EAAAADAQABAAACAQCgM+107UoXmoxeRQWR0SgzoCpBofNCGDtb4SNFwSkSdI3vlSZKRaTFvYER5iClO4LFZL9llEePv9GNQYtKsRkZJ3xFgjw4oFK0OEOVVTv+X3/cTE+vIW0tWAjBoHcGlpbsuoiNpT2mBb3Ja8q+X9XzQGtYVSBLdCwZom4KPA0RVqPD8v3Z4jzpUOzLB2q2KS+hKDnLeT3FXKHbPcD4o3eNSa8HNVSYmnLr28S+lL8g+f4lcxs+GZ9JwBCVi366QwaEPAnnvczKQ46XyU7bfOBZyYdSZEEcW189NMrvW8JnsTWTfzYArI3huNUCH0VOYfnKf1RQZ2s7E6yeCUFQE+kOzIqUD9fVDvPd9NDh1b2QPe0yE/m9V0l/+cjw+yvLqeP+MM9MO2+kKDE2ldMhHQYgk39gyvSLRE244MZi6NacvADZmG2SyUzohh4p9tiHFgp6oQNMw+wYLCO4OyQYSDd6cw+WeGW0zTkyqrOGe9AboWbPORWhsy3W7L5YcbLbSdlUEUHY9ulYD+coZ2l0xRox6Nb3TTpTQu/oXO/Lt6xGyvHYxwpKyx9C0nK3mqXpiwCuiLpmfeJI0ukQMbob3XseA3dHsyb32UnZu4apzIoGDKWBoyshYg9L4M8VP4pC/R4aeFb0P0b17twEbXEbrBxupXhES7HBtc9lEKalygmxvQ==\n",
            "public_key_pem": "-----BEGIN PUBLIC KEY-----\nMIICIjANBgkqhkiG9w0BAQEFAAOCAg8AMIICCgKCAgEAoDPtdO1KF5qMXkUFkdEo\nM6AqQaHzQhg7W+EjRcEpEnSN75UmSkWkxb2BEeYgpTuCxWS/ZZRHj7/RjUGLSrEZ\nGSd8RYI8OKBStDhDlVU7/l9/3ExPryFtLVgIwaB3BpaW7LqIjaU9pgW9yWvKvl/V\n80BrWFUgS3QsGaJuCjwNEVajw/L92eI86VDsywdqtikvoSg5y3k9xVyh2z3A+KN3\njUmvBzVUmJpy69vEvpS/IPn+JXMbPhmfScAQlYt+ukMGhDwJ573MykOOl8lO23zg\nWcmHUmRBHFtfPTTK71vCZ7E1k382AKyN4bjVAh9FTmH5yn9UUGdrOxOsnglBUBPp\nDsyKlA/X1Q7z3fTQ4dW9kD3tMhP5vVdJf/nI8Psry6nj/jDPTDtvpCgxNpXTIR0G\nIJN/YMr0i0RNuODGYujWnLwA2ZhtkslM6IYeKfbYhxYKeqEDTMPsGCwjuDskGEg3\nenMPlnhltM05MqqzhnvQG6FmzzkVobMt1uy+WHGy20nZVBFB2PbpWA/nKGdpdMUa\nMejW9006U0Lv6Fzvy7esRsrx2McKSssfQtJyt5ql6YsAroi6Zn3iSNLpEDG6G917\nHgN3R7Mm99lJ2buGqcyKBgylgaMrIWIPS+DPFT+KQv0eGnhW9D9G9e7cBG1xG6wc\nbqV4REuxwbXPZRCmpcoJsb0CAwEAAQ==\n-----END PUBLIC KEY-----\n",
            "rsa_bits": 4096
          },
          "sensitive_attributes": [],
          "private": "bnVsbA=="
        }
      ]
    }
  ]
}
