{
  "version": 4,
  "terraform_version": "1.2.6",
  "serial": 64,
  "lineage": "5b37307c-bf9b-a912-823d-4bda60c5a9d9",
  "outputs": {
    "vm_linux_server_instance_id": {
      "value": "aws_instance.linux-server.id",
      "type": "string"
    },
    "vm_linux_server_instance_private_ip": {
      "value": "aws_instance.linux-server.private_ip",
      "type": "string"
    },
    "vm_linux_server_instance_public_dns": {
      "value": "aws_instance.linux-server.public_dns",
      "type": "string"
    },
    "vm_linux_server_instance_public_ip": {
      "value": "aws_eip.linux-eip[count.index].public_ip",
      "type": "string"
    }
  },
  "resources": [
    {
      "mode": "data",
      "type": "aws_ami",
      "name": "centos-6",
      "provider": "provider[\"registry.terraform.io/hashicorp/aws\"]",
      "instances": [
        {
          "schema_version": 0,
          "attributes": {
            "architecture": "x86_64",
            "arn": "arn:aws:ec2:eu-west-1::image/ami-07c6c959dd5979f64",
            "block_device_mappings": [
              {
                "device_name": "/dev/sda1",
                "ebs": {
                  "delete_on_termination": "false",
                  "encrypted": "false",
                  "iops": "0",
                  "snapshot_id": "snap-059f6e2ac62cb56ca",
                  "throughput": "0",
                  "volume_size": "8",
                  "volume_type": "gp2"
                },
                "no_device": "",
                "virtual_name": ""
              }
            ],
            "creation_date": "2020-10-09T16:37:54.000Z",
            "description": "CentOS Linux 6 x86_64 HVM EBS ENA 1901_01",
            "ena_support": true,
            "executable_users": null,
            "filter": [
              {
                "name": "architecture",
                "values": [
                  "x86_64"
                ]
              },
              {
                "name": "name",
                "values": [
                  "CentOS Linux 6 x86_64 HVM EBS *"
                ]
              },
              {
                "name": "root-device-type",
                "values": [
                  "ebs"
                ]
              }
            ],
            "hypervisor": "xen",
            "id": "ami-07c6c959dd5979f64",
            "image_id": "ami-07c6c959dd5979f64",
            "image_location": "aws-marketplace/CentOS Linux 6 x86_64 HVM EBS ENA 1901_01-d4823986-573f-4772-a3e9-23b4754fc21a-ami-079f4a7926b6b99ab.4",
            "image_owner_alias": "aws-marketplace",
            "image_type": "machine",
            "kernel_id": null,
            "most_recent": true,
            "name": "CentOS Linux 6 x86_64 HVM EBS ENA 1901_01-d4823986-573f-4772-a3e9-23b4754fc21a-ami-079f4a7926b6b99ab.4",
            "name_regex": null,
            "owner_id": "679593333241",
            "owners": [
              "679593333241"
            ],
            "platform": null,
            "platform_details": "Linux/UNIX",
            "product_codes": [
              {
                "product_code_id": "ckx0h8ljio731afm2k92jtg62",
                "product_code_type": "marketplace"
              }
            ],
            "public": true,
            "ramdisk_id": null,
            "root_device_name": "/dev/sda1",
            "root_device_type": "ebs",
            "root_snapshot_id": "snap-059f6e2ac62cb56ca",
            "sriov_net_support": "simple",
            "state": "available",
            "state_reason": {
              "code": "UNSET",
              "message": "UNSET"
            },
            "tags": {},
            "usage_operation": "RunInstances",
            "virtualization_type": "hvm"
          },
          "sensitive_attributes": []
        }
      ]
    },
    {
      "mode": "data",
      "type": "aws_ami",
      "name": "centos-7",
      "provider": "provider[\"registry.terraform.io/hashicorp/aws\"]",
      "instances": [
        {
          "schema_version": 0,
          "attributes": {
            "architecture": "x86_64",
            "arn": "arn:aws:ec2:eu-west-1::image/ami-0b850cf02cc00fdc8",
            "block_device_mappings": [
              {
                "device_name": "/dev/sda1",
                "ebs": {
                  "delete_on_termination": "false",
                  "encrypted": "false",
                  "iops": "0",
                  "snapshot_id": "snap-0925edc1a303cc79c",
                  "throughput": "0",
                  "volume_size": "8",
                  "volume_type": "gp2"
                },
                "no_device": "",
                "virtual_name": ""
              }
            ],
            "creation_date": "2020-03-09T21:54:54.000Z",
            "description": "CentOS Linux 7 x86_64 HVM EBS ENA 2002_01",
            "ena_support": true,
            "executable_users": null,
            "filter": [
              {
                "name": "architecture",
                "values": [
                  "x86_64"
                ]
              },
              {
                "name": "name",
                "values": [
                  "CentOS Linux 7 x86_64 HVM EBS *"
                ]
              },
              {
                "name": "root-device-type",
                "values": [
                  "ebs"
                ]
              }
            ],
            "hypervisor": "xen",
            "id": "ami-0b850cf02cc00fdc8",
            "image_id": "ami-0b850cf02cc00fdc8",
            "image_location": "aws-marketplace/CentOS Linux 7 x86_64 HVM EBS ENA 2002_01-b7ee8a69-ee97-4a49-9e68-afaee216db2e-ami-0042af67f8e4dcc20.4",
            "image_owner_alias": "aws-marketplace",
            "image_type": "machine",
            "kernel_id": null,
            "most_recent": true,
            "name": "CentOS Linux 7 x86_64 HVM EBS ENA 2002_01-b7ee8a69-ee97-4a49-9e68-afaee216db2e-ami-0042af67f8e4dcc20.4",
            "name_regex": null,
            "owner_id": "679593333241",
            "owners": [
              "679593333241"
            ],
            "platform": null,
            "platform_details": "Linux/UNIX",
            "product_codes": [
              {
                "product_code_id": "aw0evgkw8e5c1q413zgy5pjce",
                "product_code_type": "marketplace"
              }
            ],
            "public": true,
            "ramdisk_id": null,
            "root_device_name": "/dev/sda1",
            "root_device_type": "ebs",
            "root_snapshot_id": "snap-0925edc1a303cc79c",
            "sriov_net_support": "simple",
            "state": "available",
            "state_reason": {
              "code": "UNSET",
              "message": "UNSET"
            },
            "tags": {},
            "usage_operation": "RunInstances",
            "virtualization_type": "hvm"
          },
          "sensitive_attributes": []
        }
      ]
    },
    {
      "mode": "data",
      "type": "aws_ami",
      "name": "centos-8",
      "provider": "provider[\"registry.terraform.io/hashicorp/aws\"]",
      "instances": [
        {
          "schema_version": 0,
          "attributes": {
            "architecture": "x86_64",
            "arn": "arn:aws:ec2:eu-west-1::image/ami-0e0669c0b39d3a79f",
            "block_device_mappings": [
              {
                "device_name": "/dev/sda1",
                "ebs": {
                  "delete_on_termination": "true",
                  "encrypted": "false",
                  "iops": "0",
                  "snapshot_id": "snap-013ba956022ba021a",
                  "throughput": "0",
                  "volume_size": "10",
                  "volume_type": "gp2"
                },
                "no_device": "",
                "virtual_name": ""
              }
            ],
            "creation_date": "2021-08-23T13:47:10.000Z",
            "description": "CentOS Stream 8 x86_64 20210603",
            "ena_support": true,
            "executable_users": null,
            "filter": [
              {
                "name": "architecture",
                "values": [
                  "x86_64"
                ]
              },
              {
                "name": "name",
                "values": [
                  "CentOS Stream 8*"
                ]
              },
              {
                "name": "root-device-type",
                "values": [
                  "ebs"
                ]
              }
            ],
            "hypervisor": "xen",
            "id": "ami-0e0669c0b39d3a79f",
            "image_id": "ami-0e0669c0b39d3a79f",
            "image_location": "125523088429/CentOS Stream 8 x86_64 20210603",
            "image_owner_alias": null,
            "image_type": "machine",
            "kernel_id": null,
            "most_recent": true,
            "name": "CentOS Stream 8 x86_64 20210603",
            "name_regex": null,
            "owner_id": "125523088429",
            "owners": [
              "125523088429"
            ],
            "platform": null,
            "platform_details": "Linux/UNIX",
            "product_codes": [],
            "public": true,
            "ramdisk_id": null,
            "root_device_name": "/dev/sda1",
            "root_device_type": "ebs",
            "root_snapshot_id": "snap-013ba956022ba021a",
            "sriov_net_support": null,
            "state": "available",
            "state_reason": {
              "code": "UNSET",
              "message": "UNSET"
            },
            "tags": {},
            "usage_operation": "RunInstances",
            "virtualization_type": "hvm"
          },
          "sensitive_attributes": []
        }
      ]
    },
    {
      "mode": "data",
      "type": "aws_ami",
      "name": "centos-9",
      "provider": "provider[\"registry.terraform.io/hashicorp/aws\"]",
      "instances": [
        {
          "schema_version": 0,
          "attributes": {
            "architecture": "x86_64",
            "arn": "arn:aws:ec2:eu-west-1::image/ami-0b2333d9e46430744",
            "block_device_mappings": [
              {
                "device_name": "/dev/sda1",
                "ebs": {
                  "delete_on_termination": "true",
                  "encrypted": "false",
                  "iops": "0",
                  "snapshot_id": "snap-0ac0ed5fc21dc3ba6",
                  "throughput": "0",
                  "volume_size": "10",
                  "volume_type": "gp2"
                },
                "no_device": "",
                "virtual_name": ""
              }
            ],
            "creation_date": "2022-07-27T22:05:57.000Z",
            "description": "CentOS Stream 9 x86_64 20220726",
            "ena_support": true,
            "executable_users": null,
            "filter": [
              {
                "name": "architecture",
                "values": [
                  "x86_64"
                ]
              },
              {
                "name": "name",
                "values": [
                  "CentOS Stream 9*"
                ]
              },
              {
                "name": "root-device-type",
                "values": [
                  "ebs"
                ]
              }
            ],
            "hypervisor": "xen",
            "id": "ami-0b2333d9e46430744",
            "image_id": "ami-0b2333d9e46430744",
            "image_location": "125523088429/CentOS Stream 9 x86_64 20220726",
            "image_owner_alias": null,
            "image_type": "machine",
            "kernel_id": null,
            "most_recent": true,
            "name": "CentOS Stream 9 x86_64 20220726",
            "name_regex": null,
            "owner_id": "125523088429",
            "owners": [
              "125523088429"
            ],
            "platform": null,
            "platform_details": "Linux/UNIX",
            "product_codes": [],
            "public": true,
            "ramdisk_id": null,
            "root_device_name": "/dev/sda1",
            "root_device_type": "ebs",
            "root_snapshot_id": "snap-0ac0ed5fc21dc3ba6",
            "sriov_net_support": null,
            "state": "available",
            "state_reason": {
              "code": "UNSET",
              "message": "UNSET"
            },
            "tags": {},
            "usage_operation": "RunInstances",
            "virtualization_type": "hvm"
          },
          "sensitive_attributes": []
        }
      ]
    },
    {
      "mode": "managed",
      "type": "aws_eip",
      "name": "linux-eip",
      "provider": "provider[\"registry.terraform.io/hashicorp/aws\"]",
      "instances": [
        {
          "index_key": 0,
          "schema_version": 0,
          "attributes": {
            "address": null,
            "allocation_id": "eipalloc-0483ceac9acd9337d",
            "associate_with_private_ip": null,
            "association_id": "eipassoc-044e5eecea46eac9e",
            "carrier_ip": "",
            "customer_owned_ip": "",
            "customer_owned_ipv4_pool": "",
            "domain": "vpc",
            "id": "eipalloc-0483ceac9acd9337d",
            "instance": "i-059a2efcd5a5a2faa",
            "network_border_group": "eu-west-1",
            "network_interface": "eni-07b9ff479805767d7",
            "private_dns": "ip-10-11-1-98.eu-west-1.compute.internal",
            "private_ip": "10.11.1.98",
            "public_dns": "ec2-54-77-29-41.eu-west-1.compute.amazonaws.com",
            "public_ip": "54.77.29.41",
            "public_ipv4_pool": "amazon",
            "tags": {
              "Environment": "dev",
              "Name": "task1-dev-linux-eip 0"
            },
            "tags_all": {
              "Environment": "dev",
              "Name": "task1-dev-linux-eip 0"
            },
            "timeouts": null,
            "vpc": true
          },
          "sensitive_attributes": [],
          "private": "eyJlMmJmYjczMC1lY2FhLTExZTYtOGY4OC0zNDM2M2JjN2M0YzAiOnsiZGVsZXRlIjoxODAwMDAwMDAwMDAsInJlYWQiOjkwMDAwMDAwMDAwMCwidXBkYXRlIjozMDAwMDAwMDAwMDB9fQ==",
          "dependencies": [
            "aws_instance.linux-server",
            "aws_key_pair.key_pair",
            "aws_security_group.aws-linux-sg",
            "aws_subnet.public-subnet",
            "aws_vpc.vpc",
            "data.aws_ami.centos-8",
            "tls_private_key.key_pair"
          ]
        },
        {
          "index_key": 1,
          "schema_version": 0,
          "attributes": {
            "address": null,
            "allocation_id": "eipalloc-04d37ad578ad708a2",
            "associate_with_private_ip": null,
            "association_id": "eipassoc-05b6cdbdee2b44320",
            "carrier_ip": "",
            "customer_owned_ip": "",
            "customer_owned_ipv4_pool": "",
            "domain": "vpc",
            "id": "eipalloc-04d37ad578ad708a2",
            "instance": "i-0249eab64597c4dc2",
            "network_border_group": "eu-west-1",
            "network_interface": "eni-084adcc87684ec334",
            "private_dns": "ip-10-11-1-56.eu-west-1.compute.internal",
            "private_ip": "10.11.1.56",
            "public_dns": "ec2-108-128-135-169.eu-west-1.compute.amazonaws.com",
            "public_ip": "108.128.135.169",
            "public_ipv4_pool": "amazon",
            "tags": {
              "Environment": "dev",
              "Name": "task1-dev-linux-eip 1"
            },
            "tags_all": {
              "Environment": "dev",
              "Name": "task1-dev-linux-eip 1"
            },
            "timeouts": null,
            "vpc": true
          },
          "sensitive_attributes": [],
          "private": "eyJlMmJmYjczMC1lY2FhLTExZTYtOGY4OC0zNDM2M2JjN2M0YzAiOnsiZGVsZXRlIjoxODAwMDAwMDAwMDAsInJlYWQiOjkwMDAwMDAwMDAwMCwidXBkYXRlIjozMDAwMDAwMDAwMDB9fQ==",
          "dependencies": [
            "aws_instance.linux-server",
            "aws_key_pair.key_pair",
            "aws_security_group.aws-linux-sg",
            "aws_subnet.public-subnet",
            "aws_vpc.vpc",
            "data.aws_ami.centos-8",
            "tls_private_key.key_pair"
          ]
        }
      ]
    },
    {
      "mode": "managed",
      "type": "aws_eip_association",
      "name": "linux-eip-association",
      "provider": "provider[\"registry.terraform.io/hashicorp/aws\"]",
      "instances": [
        {
          "index_key": 0,
          "schema_version": 0,
          "attributes": {
            "allocation_id": "eipalloc-0483ceac9acd9337d",
            "allow_reassociation": null,
            "id": "eipassoc-044e5eecea46eac9e",
            "instance_id": "i-059a2efcd5a5a2faa",
            "network_interface_id": "eni-07b9ff479805767d7",
            "private_ip_address": "10.11.1.98",
            "public_ip": "54.77.29.41"
          },
          "sensitive_attributes": [],
          "private": "bnVsbA==",
          "dependencies": [
            "aws_eip.linux-eip",
            "aws_instance.linux-server",
            "aws_key_pair.key_pair",
            "aws_security_group.aws-linux-sg",
            "aws_subnet.public-subnet",
            "aws_vpc.vpc",
            "data.aws_ami.centos-8",
            "tls_private_key.key_pair"
          ]
        },
        {
          "index_key": 1,
          "schema_version": 0,
          "attributes": {
            "allocation_id": "eipalloc-04d37ad578ad708a2",
            "allow_reassociation": null,
            "id": "eipassoc-05b6cdbdee2b44320",
            "instance_id": "i-0249eab64597c4dc2",
            "network_interface_id": "eni-084adcc87684ec334",
            "private_ip_address": "10.11.1.56",
            "public_ip": "108.128.135.169"
          },
          "sensitive_attributes": [],
          "private": "bnVsbA==",
          "dependencies": [
            "aws_eip.linux-eip",
            "aws_instance.linux-server",
            "aws_key_pair.key_pair",
            "aws_security_group.aws-linux-sg",
            "aws_subnet.public-subnet",
            "aws_vpc.vpc",
            "data.aws_ami.centos-8",
            "tls_private_key.key_pair"
          ]
        }
      ]
    },
    {
      "mode": "managed",
      "type": "aws_instance",
      "name": "linux-server",
      "provider": "provider[\"registry.terraform.io/hashicorp/aws\"]",
      "instances": [
        {
          "index_key": 0,
          "schema_version": 1,
          "attributes": {
            "ami": "ami-0e0669c0b39d3a79f",
            "arn": "arn:aws:ec2:eu-west-1:881964879253:instance/i-059a2efcd5a5a2faa",
            "associate_public_ip_address": true,
            "availability_zone": "eu-west-1c",
            "capacity_reservation_specification": [
              {
                "capacity_reservation_preference": "open",
                "capacity_reservation_target": []
              }
            ],
            "cpu_core_count": 1,
            "cpu_threads_per_core": 1,
            "credit_specification": [
              {
                "cpu_credits": "standard"
              }
            ],
            "disable_api_termination": false,
            "ebs_block_device": [
              {
                "delete_on_termination": true,
                "device_name": "/dev/xvdb",
                "encrypted": true,
                "iops": 0,
                "kms_key_id": "arn:aws:kms:eu-west-1:881964879253:key/dc167ed5-6788-4ce9-ad7c-f0338111d622",
                "snapshot_id": "",
                "tags": {
                  "Name": "/data1"
                },
                "throughput": 0,
                "volume_id": "vol-076d313ee5c94da9b",
                "volume_size": 1,
                "volume_type": "standard"
              },
              {
                "delete_on_termination": true,
                "device_name": "/dev/xvdc",
                "encrypted": true,
                "iops": 0,
                "kms_key_id": "arn:aws:kms:eu-west-1:881964879253:key/dc167ed5-6788-4ce9-ad7c-f0338111d622",
                "snapshot_id": "",
                "tags": {
                  "Name": "/data2"
                },
                "throughput": 0,
                "volume_id": "vol-0b0b5414e0fa86557",
                "volume_size": 1,
                "volume_type": "standard"
              }
            ],
            "ebs_optimized": false,
            "enclave_options": [
              {
                "enabled": false
              }
            ],
            "ephemeral_block_device": [],
            "get_password_data": false,
            "hibernation": false,
            "host_id": null,
            "iam_instance_profile": "",
            "id": "i-059a2efcd5a5a2faa",
            "instance_initiated_shutdown_behavior": "stop",
            "instance_state": "running",
            "instance_type": "t2.micro",
            "ipv6_address_count": 0,
            "ipv6_addresses": [],
            "key_name": "task1-dev-linux-eu-west-1",
            "launch_template": [],
            "metadata_options": [
              {
                "http_endpoint": "enabled",
                "http_put_response_hop_limit": 1,
                "http_tokens": "optional",
                "instance_metadata_tags": "disabled"
              }
            ],
            "monitoring": false,
            "network_interface": [],
            "outpost_arn": "",
            "password_data": "",
            "placement_group": "",
            "placement_partition_number": null,
            "primary_network_interface_id": "eni-07b9ff479805767d7",
            "private_dns": "ip-10-11-1-98.eu-west-1.compute.internal",
            "private_ip": "10.11.1.98",
            "public_dns": "ec2-54-78-69-171.eu-west-1.compute.amazonaws.com",
            "public_ip": "54.78.69.171",
            "root_block_device": [
              {
                "delete_on_termination": true,
                "device_name": "/dev/sda1",
                "encrypted": true,
                "iops": 100,
                "kms_key_id": "arn:aws:kms:eu-west-1:881964879253:key/dc167ed5-6788-4ce9-ad7c-f0338111d622",
                "tags": null,
                "throughput": 0,
                "volume_id": "vol-0bee3169954f93e9e",
                "volume_size": 20,
                "volume_type": "gp2"
              }
            ],
            "secondary_private_ips": [],
            "security_groups": [],
            "source_dest_check": false,
            "subnet_id": "subnet-009dc23dccbcf1d19",
            "tags": {
              "Inventory": "dev",
              "Name": "linux-server 0"
            },
            "tags_all": {
              "Inventory": "dev",
              "Name": "linux-server 0"
            },
            "tenancy": "default",
            "timeouts": null,
            "user_data": "2268c7054f89d7446aceac7187055e2295f2b25c",
            "user_data_base64": null,
            "volume_tags": null,
            "vpc_security_group_ids": [
              "sg-00cdff0fffa68aa38"
            ]
          },
          "sensitive_attributes": [],
          "private": "eyJlMmJmYjczMC1lY2FhLTExZTYtOGY4OC0zNDM2M2JjN2M0YzAiOnsiY3JlYXRlIjo2MDAwMDAwMDAwMDAsImRlbGV0ZSI6MTIwMDAwMDAwMDAwMCwidXBkYXRlIjo2MDAwMDAwMDAwMDB9LCJzY2hlbWFfdmVyc2lvbiI6IjEifQ==",
          "dependencies": [
            "aws_key_pair.key_pair",
            "aws_security_group.aws-linux-sg",
            "aws_subnet.public-subnet",
            "aws_vpc.vpc",
            "data.aws_ami.centos-8",
            "tls_private_key.key_pair"
          ]
        },
        {
          "index_key": 1,
          "schema_version": 1,
          "attributes": {
            "ami": "ami-0e0669c0b39d3a79f",
            "arn": "arn:aws:ec2:eu-west-1:881964879253:instance/i-0249eab64597c4dc2",
            "associate_public_ip_address": true,
            "availability_zone": "eu-west-1c",
            "capacity_reservation_specification": [
              {
                "capacity_reservation_preference": "open",
                "capacity_reservation_target": []
              }
            ],
            "cpu_core_count": 1,
            "cpu_threads_per_core": 1,
            "credit_specification": [
              {
                "cpu_credits": "standard"
              }
            ],
            "disable_api_termination": false,
            "ebs_block_device": [
              {
                "delete_on_termination": true,
                "device_name": "/dev/xvdb",
                "encrypted": true,
                "iops": 0,
                "kms_key_id": "arn:aws:kms:eu-west-1:881964879253:key/dc167ed5-6788-4ce9-ad7c-f0338111d622",
                "snapshot_id": "",
                "tags": {
                  "Name": "/data1"
                },
                "throughput": 0,
                "volume_id": "vol-010248673fabac9de",
                "volume_size": 1,
                "volume_type": "standard"
              },
              {
                "delete_on_termination": true,
                "device_name": "/dev/xvdc",
                "encrypted": true,
                "iops": 0,
                "kms_key_id": "arn:aws:kms:eu-west-1:881964879253:key/dc167ed5-6788-4ce9-ad7c-f0338111d622",
                "snapshot_id": "",
                "tags": {
                  "Name": "/data2"
                },
                "throughput": 0,
                "volume_id": "vol-0d78823747d033e55",
                "volume_size": 1,
                "volume_type": "standard"
              }
            ],
            "ebs_optimized": false,
            "enclave_options": [
              {
                "enabled": false
              }
            ],
            "ephemeral_block_device": [],
            "get_password_data": false,
            "hibernation": false,
            "host_id": null,
            "iam_instance_profile": "",
            "id": "i-0249eab64597c4dc2",
            "instance_initiated_shutdown_behavior": "stop",
            "instance_state": "running",
            "instance_type": "t2.micro",
            "ipv6_address_count": 0,
            "ipv6_addresses": [],
            "key_name": "task1-dev-linux-eu-west-1",
            "launch_template": [],
            "metadata_options": [
              {
                "http_endpoint": "enabled",
                "http_put_response_hop_limit": 1,
                "http_tokens": "optional",
                "instance_metadata_tags": "disabled"
              }
            ],
            "monitoring": false,
            "network_interface": [],
            "outpost_arn": "",
            "password_data": "",
            "placement_group": "",
            "placement_partition_number": null,
            "primary_network_interface_id": "eni-084adcc87684ec334",
            "private_dns": "ip-10-11-1-56.eu-west-1.compute.internal",
            "private_ip": "10.11.1.56",
            "public_dns": "ec2-54-74-45-134.eu-west-1.compute.amazonaws.com",
            "public_ip": "54.74.45.134",
            "root_block_device": [
              {
                "delete_on_termination": true,
                "device_name": "/dev/sda1",
                "encrypted": true,
                "iops": 100,
                "kms_key_id": "arn:aws:kms:eu-west-1:881964879253:key/dc167ed5-6788-4ce9-ad7c-f0338111d622",
                "tags": null,
                "throughput": 0,
                "volume_id": "vol-07079f829928b547b",
                "volume_size": 20,
                "volume_type": "gp2"
              }
            ],
            "secondary_private_ips": [],
            "security_groups": [],
            "source_dest_check": false,
            "subnet_id": "subnet-009dc23dccbcf1d19",
            "tags": {
              "Inventory": "dev",
              "Name": "linux-server 1"
            },
            "tags_all": {
              "Inventory": "dev",
              "Name": "linux-server 1"
            },
            "tenancy": "default",
            "timeouts": null,
            "user_data": "2268c7054f89d7446aceac7187055e2295f2b25c",
            "user_data_base64": null,
            "volume_tags": null,
            "vpc_security_group_ids": [
              "sg-00cdff0fffa68aa38"
            ]
          },
          "sensitive_attributes": [],
          "private": "eyJlMmJmYjczMC1lY2FhLTExZTYtOGY4OC0zNDM2M2JjN2M0YzAiOnsiY3JlYXRlIjo2MDAwMDAwMDAwMDAsImRlbGV0ZSI6MTIwMDAwMDAwMDAwMCwidXBkYXRlIjo2MDAwMDAwMDAwMDB9LCJzY2hlbWFfdmVyc2lvbiI6IjEifQ==",
          "dependencies": [
            "aws_key_pair.key_pair",
            "aws_security_group.aws-linux-sg",
            "aws_subnet.public-subnet",
            "aws_vpc.vpc",
            "data.aws_ami.centos-8",
            "tls_private_key.key_pair"
          ]
        }
      ]
    },
    {
      "mode": "managed",
      "type": "aws_internet_gateway",
      "name": "gw",
      "provider": "provider[\"registry.terraform.io/hashicorp/aws\"]",
      "instances": [
        {
          "schema_version": 0,
          "attributes": {
            "arn": "arn:aws:ec2:eu-west-1:881964879253:internet-gateway/igw-0b1d16c8156999596",
            "id": "igw-0b1d16c8156999596",
            "owner_id": "881964879253",
            "tags": {
              "Environment": "dev",
              "Name": "task1-dev-igw"
            },
            "tags_all": {
              "Environment": "dev",
              "Name": "task1-dev-igw"
            },
            "vpc_id": "vpc-03c6721c2d87b072e"
          },
          "sensitive_attributes": [],
          "private": "bnVsbA==",
          "dependencies": [
            "aws_vpc.vpc"
          ]
        }
      ]
    },
    {
      "mode": "managed",
      "type": "aws_key_pair",
      "name": "key_pair",
      "provider": "provider[\"registry.terraform.io/hashicorp/aws\"]",
      "instances": [
        {
          "schema_version": 1,
          "attributes": {
            "arn": "arn:aws:ec2:eu-west-1:881964879253:key-pair/task1-dev-linux-eu-west-1",
            "fingerprint": "9d:aa:d0:92:fc:12:bc:3b:b4:b6:f4:44:a6:65:55:5e",
            "id": "task1-dev-linux-eu-west-1",
            "key_name": "task1-dev-linux-eu-west-1",
            "key_name_prefix": "",
            "key_pair_id": "key-0f7c02a5f3b226e7b",
            "public_key": "ssh-rsa AAAAB3NzaC1yc2EAAAADAQABAAACAQDf/icNIPVQfsPxk8Rud7qsXl/2YZghj2TFPrQPSydUg4JpcY0dmdc4t638duyrSOPW4JSHFfpV2VIPyexyaEQFYdeNneqvmt8bjpZ5zWXaC2LReZZ7Jiz5BqDRACiogXegty8dIuTKnkf30g7tNhsO03w8xd8ahl92B9dgk1S0taOOVbYxMncHJg3ODj8uJkBhl4dEvhH84wo0+80ayz8Byeg4eOyA4jru+GqMrKJfpwQUiZa4piRPkL9KEqJWwg93K5rEA9b8QbnkAvqjyQAicRkhgfa1BX8fvmPXkPPcgjCOV6CdAqdbY7QMwmEgTMiFipFZXSusoqN5ZRwTnEuiuJtCnC1YiSYFhpprjEGUJInF5Tbx3oPRkGXFboa9d+P6YU7dDPUH4O3lfZdrSw2nvLmFfFilXxYwxFxygRtRuNYWOIxEN9dhqCHvxFAzlFXEnSLk8BcZ3wNcu0y4gO8nA7ONQCxewot/SuCsVoBOGr1/IxFLJiqL4i69t0lSON9cZrGcr0Fgd8QrMsX1/rZwjnyzMgFOd3iV6HBrsCy1Cem1fD/xdegfQDpT6gs7/qNrZcRRQi+AhqYpZe5OxP0USPamcAIInXzI/+gmQFGb1cjVeR+sgjvQdd/LzKIL6836WwNAaG+FVUMR0r0CI3ZFare4tIzkUttJVi3ffWVEBw==",
            "tags": null,
            "tags_all": {}
          },
          "sensitive_attributes": [],
          "private": "eyJzY2hlbWFfdmVyc2lvbiI6IjEifQ==",
          "dependencies": [
            "tls_private_key.key_pair"
          ]
        }
      ]
    },
    {
      "mode": "managed",
      "type": "aws_route_table",
      "name": "public-rt",
      "provider": "provider[\"registry.terraform.io/hashicorp/aws\"]",
      "instances": [
        {
          "schema_version": 0,
          "attributes": {
            "arn": "arn:aws:ec2:eu-west-1:881964879253:route-table/rtb-01c31ac6b233fd3c9",
            "id": "rtb-01c31ac6b233fd3c9",
            "owner_id": "881964879253",
            "propagating_vgws": [],
            "route": [
              {
                "carrier_gateway_id": "",
                "cidr_block": "0.0.0.0/0",
                "destination_prefix_list_id": "",
                "egress_only_gateway_id": "",
                "gateway_id": "igw-0b1d16c8156999596",
                "instance_id": "",
                "ipv6_cidr_block": "",
                "local_gateway_id": "",
                "nat_gateway_id": "",
                "network_interface_id": "",
                "transit_gateway_id": "",
                "vpc_endpoint_id": "",
                "vpc_peering_connection_id": ""
              }
            ],
            "tags": {
              "Environment": "dev",
              "Name": "task1-dev-public-subnet-rt"
            },
            "tags_all": {
              "Environment": "dev",
              "Name": "task1-dev-public-subnet-rt"
            },
            "timeouts": null,
            "vpc_id": "vpc-03c6721c2d87b072e"
          },
          "sensitive_attributes": [],
          "private": "eyJlMmJmYjczMC1lY2FhLTExZTYtOGY4OC0zNDM2M2JjN2M0YzAiOnsiY3JlYXRlIjozMDAwMDAwMDAwMDAsImRlbGV0ZSI6MzAwMDAwMDAwMDAwLCJ1cGRhdGUiOjEyMDAwMDAwMDAwMH19",
          "dependencies": [
            "aws_internet_gateway.gw",
            "aws_vpc.vpc"
          ]
        }
      ]
    },
    {
      "mode": "managed",
      "type": "aws_route_table_association",
      "name": "public-rt-association",
      "provider": "provider[\"registry.terraform.io/hashicorp/aws\"]",
      "instances": [
        {
          "schema_version": 0,
          "attributes": {
            "gateway_id": "",
            "id": "rtbassoc-0326074abb02878c4",
            "route_table_id": "rtb-01c31ac6b233fd3c9",
            "subnet_id": "subnet-009dc23dccbcf1d19"
          },
          "sensitive_attributes": [],
          "private": "bnVsbA==",
          "dependencies": [
            "aws_internet_gateway.gw",
            "aws_route_table.public-rt",
            "aws_subnet.public-subnet",
            "aws_vpc.vpc"
          ]
        }
      ]
    },
    {
      "mode": "managed",
      "type": "aws_security_group",
      "name": "aws-linux-sg",
      "provider": "provider[\"registry.terraform.io/hashicorp/aws\"]",
      "instances": [
        {
          "schema_version": 1,
          "attributes": {
            "arn": "arn:aws:ec2:eu-west-1:881964879253:security-group/sg-00cdff0fffa68aa38",
            "description": "Allow incoming HTTP connections",
            "egress": [
              {
                "cidr_blocks": [
                  "0.0.0.0/0"
                ],
                "description": "Allow outgoing connections out of the instance",
                "from_port": 0,
                "ipv6_cidr_blocks": [],
                "prefix_list_ids": [],
                "protocol": "-1",
                "security_groups": [],
                "self": false,
                "to_port": 0
              }
            ],
            "id": "sg-00cdff0fffa68aa38",
            "ingress": [
              {
                "cidr_blocks": [
                  "0.0.0.0/0"
                ],
                "description": "Allow incoming HTTP connections",
                "from_port": 80,
                "ipv6_cidr_blocks": [],
                "prefix_list_ids": [],
                "protocol": "tcp",
                "security_groups": [],
                "self": false,
                "to_port": 80
              },
              {
                "cidr_blocks": [
                  "0.0.0.0/0"
                ],
                "description": "Allow incoming SSH connections",
                "from_port": 22,
                "ipv6_cidr_blocks": [],
                "prefix_list_ids": [],
                "protocol": "tcp",
                "security_groups": [],
                "self": false,
                "to_port": 22
              }
            ],
            "name": "task1-dev-linux-sg",
            "name_prefix": "",
            "owner_id": "881964879253",
            "revoke_rules_on_delete": false,
            "tags": {
              "Environment": "dev",
              "Name": "task1-dev-linux-sg"
            },
            "tags_all": {
              "Environment": "dev",
              "Name": "task1-dev-linux-sg"
            },
            "timeouts": null,
            "vpc_id": "vpc-03c6721c2d87b072e"
          },
          "sensitive_attributes": [],
          "private": "eyJlMmJmYjczMC1lY2FhLTExZTYtOGY4OC0zNDM2M2JjN2M0YzAiOnsiY3JlYXRlIjo2MDAwMDAwMDAwMDAsImRlbGV0ZSI6OTAwMDAwMDAwMDAwfSwic2NoZW1hX3ZlcnNpb24iOiIxIn0=",
          "dependencies": [
            "aws_vpc.vpc"
          ]
        }
      ]
    },
    {
      "mode": "managed",
      "type": "aws_subnet",
      "name": "public-subnet",
      "provider": "provider[\"registry.terraform.io/hashicorp/aws\"]",
      "instances": [
        {
          "schema_version": 1,
          "attributes": {
            "arn": "arn:aws:ec2:eu-west-1:881964879253:subnet/subnet-009dc23dccbcf1d19",
            "assign_ipv6_address_on_creation": false,
            "availability_zone": "eu-west-1c",
            "availability_zone_id": "euw1-az1",
            "cidr_block": "10.11.1.0/24",
            "customer_owned_ipv4_pool": "",
            "enable_dns64": false,
            "enable_resource_name_dns_a_record_on_launch": false,
            "enable_resource_name_dns_aaaa_record_on_launch": false,
            "id": "subnet-009dc23dccbcf1d19",
            "ipv6_cidr_block": "",
            "ipv6_cidr_block_association_id": "",
            "ipv6_native": false,
            "map_customer_owned_ip_on_launch": false,
            "map_public_ip_on_launch": false,
            "outpost_arn": "",
            "owner_id": "881964879253",
            "private_dns_hostname_type_on_launch": "ip-name",
            "tags": {
              "Environment": "dev",
              "Name": "task1-dev-public-subnet"
            },
            "tags_all": {
              "Environment": "dev",
              "Name": "task1-dev-public-subnet"
            },
            "timeouts": null,
            "vpc_id": "vpc-03c6721c2d87b072e"
          },
          "sensitive_attributes": [],
          "private": "eyJlMmJmYjczMC1lY2FhLTExZTYtOGY4OC0zNDM2M2JjN2M0YzAiOnsiY3JlYXRlIjo2MDAwMDAwMDAwMDAsImRlbGV0ZSI6MTIwMDAwMDAwMDAwMH0sInNjaGVtYV92ZXJzaW9uIjoiMSJ9",
          "dependencies": [
            "aws_vpc.vpc"
          ]
        }
      ]
    },
    {
      "mode": "managed",
      "type": "aws_vpc",
      "name": "vpc",
      "provider": "provider[\"registry.terraform.io/hashicorp/aws\"]",
      "instances": [
        {
          "schema_version": 1,
          "attributes": {
            "arn": "arn:aws:ec2:eu-west-1:881964879253:vpc/vpc-03c6721c2d87b072e",
            "assign_generated_ipv6_cidr_block": false,
            "cidr_block": "10.11.0.0/16",
            "default_network_acl_id": "acl-0405f2e0ab792c46d",
            "default_route_table_id": "rtb-0d4381b977972e3ef",
            "default_security_group_id": "sg-05847300c9277cabb",
            "dhcp_options_id": "dopt-0cbac607347b20ee5",
            "enable_classiclink": false,
            "enable_classiclink_dns_support": false,
            "enable_dns_hostnames": true,
            "enable_dns_support": true,
            "id": "vpc-03c6721c2d87b072e",
            "instance_tenancy": "default",
            "ipv4_ipam_pool_id": null,
            "ipv4_netmask_length": null,
            "ipv6_association_id": "",
            "ipv6_cidr_block": "",
            "ipv6_cidr_block_network_border_group": "",
            "ipv6_ipam_pool_id": "",
            "ipv6_netmask_length": 0,
            "main_route_table_id": "rtb-0d4381b977972e3ef",
            "owner_id": "881964879253",
            "tags": {
              "Environment": "dev",
              "Name": "task1-dev-vpc"
            },
            "tags_all": {
              "Environment": "dev",
              "Name": "task1-dev-vpc"
            }
          },
          "sensitive_attributes": [],
          "private": "eyJzY2hlbWFfdmVyc2lvbiI6IjEifQ=="
        }
      ]
    },
    {
      "mode": "managed",
      "type": "local_file",
      "name": "ssh_key",
      "provider": "provider[\"registry.terraform.io/hashicorp/local\"]",
      "instances": [
        {
          "schema_version": 0,
          "attributes": {
            "content": "-----BEGIN RSA PRIVATE KEY-----\nMIIJKQIBAAKCAgEA3/4nDSD1UH7D8ZPEbne6rF5f9mGYIY9kxT60D0snVIOCaXGN\nHZnXOLet/Hbsq0jj1uCUhxX6VdlSD8nscmhEBWHXjZ3qr5rfG46Wec1l2gti0XmW\neyYs+Qag0QAoqIF3oLcvHSLkyp5H99IO7TYbDtN8PMXfGoZfdgfXYJNUtLWjjlW2\nMTJ3ByYNzg4/LiZAYZeHRL4R/OMKNPvNGss/AcnoOHjsgOI67vhqjKyiX6cEFImW\nuKYkT5C/ShKiVsIPdyuaxAPW/EG55AL6o8kAInEZIYH2tQV/H75j15Dz3IIwjleg\nnQKnW2O0DMJhIEzIhYqRWV0rrKKjeWUcE5xLoribQpwtWIkmBYaaa4xBlCSJxeU2\n8d6D0ZBlxW6GvXfj+mFO3Qz1B+Dt5X2Xa0sNp7y5hXxYpV8WMMRccoEbUbjWFjiM\nRDfXYagh78RQM5RVxJ0i5PAXGd8DXLtMuIDvJwOzjUAsXsKLf0rgrFaAThq9fyMR\nSyYqi+IuvbdJUjjfXGaxnK9BYHfEKzLF9f62cI58szIBTnd4lehwa7AstQnptXw/\n8XXoH0A6U+oLO/6ja2XEUUIvgIamKWXuTsT9FEj2pnACCJ18yP/oJkBRm9XI1Xkf\nrII70HXfy8yiC+vN+lsDQGhvhVVDEdK9AiN2RWq3uLSM5FLbSVYt331lRAcCAwEA\nAQKCAgBIyt2CBL30RN4EuhLSG5LMxXbGKP05mtISz8fQWIoViw9smPxVLFOnGPov\n264aE/wHLsDWDaxnDdL/Uo3GuF+yqBNW8IT+QIRU/kekmb2J2L1qeesPZl6jJyZI\nBZcw+7IWxrFG9LoJptqYjOlQ6Y5tiQkM7vkMM7L+Npolxnt2prjaXrxwzIemCRXf\nav3ZT5EIpifNjT9nQZllkpcbKAX33Nfc0l95mwuv8Yce5FN4ZlyLGBOlOkj+mnmv\n5tJfA33nKoKHRQAuxmVU1isB4yZqCvsxynyUY47mkAb+XRsDBEQnXg7SN7SPnJ08\nsEbEKm/YBioqMn8pAUnC/7raHKbvRMeeRfP+JIqj2rTXNG2zkKWuLTJfLNy4CK2J\njDykTqe0qOTqDFejP0w+858vqJBYssU0skta+qqBfFpdFMMz0A7589108sq6Ii33\n+/2sDWMdUPWNZqU28iyODv7iSZfx4+LkGy1wIP2aWphIqEK6Z4CCIZj1oUOwgWbn\ntE+YWV7+rwHgdYl2LY+6BzvxFCxQCG5wmTPbLZWKlSFEYrxrpAO3UuRb8J4v6nKl\nooit2HfDpNFB9nuJzdrGYRSCmk/3ne1CI5FE4/QL1CUwooygMmWtKs6mY3Qs7maw\nD2btOTmPtdpJavD450bRZRY8OJyDeQyOZEFfgPpoff39pVcicQKCAQEA/jdhVUOP\nNyOYc0sa1NyVUmyMDmPrcLdYM3fmaJ61shhOCiIpP3ysn1unswYbmo0UM51wi4sc\nBmCYjHdlCxl3tooYaAUMWxrjYJX1PzHOpbtnyeZtiQ90qQFGisGzoskOYShGPXdF\n1jm/dx97h1ARcxEOqEERgxulywzYmjqFjcor82v0lF0R9E4x+bTNBLmVint8mcer\nHVE41udxA9rZD8wr3zTn0D4ccDpxy7Q5eH54g6x6DLJMVVpH7jMbCmuIlHxdrWkF\n5qoywJYDz40+L5emi5WAbvVj9cFAK8P7cweFGmouhEwBvUYI1+eMdqWKkO7RCXms\nMZmla5rDkscjXQKCAQEA4ZB8OAFeSeYN6N8GwTEeF6V5RQpP7YYG0g5rGxVKcYkv\n84jiO4EQVjpArXpQV29GyX1OIyppOqRIu32RZuglaB65b2oYoayj0Zsxnqc0T5DJ\nSrpJVvzni06y4vSJ04U6XWVqLhSp+WZ0mq0sqv3p4hRR4DNBIno3HY7g0d6jyftY\nhk4Nj2PE693tNysSO8SZkgCTaqoLL9XFOZZTvZg+S2z/Qcqyd43gw7Vb3bFrRpZ2\no289dBIaYY+34WxzkZLkjrNanJ81Fj/ZuY0SHt9ONA13Iz8zn19TDzV5TxieKR8z\np5vLj1h5wihYxOSWyrAhgYjGALUtqxoNlyy6UqcSswKCAQBkFNdr4uoaEhhto27P\nyHu89GD7NVk2iefec2CxZXIwyCLJGIPWq7WmE0ZlU41AfjQq0dvCBCUnWZYVDtgn\n04HuylUrdnlT0LUdjEv98hTh6HLG6MHMyNnrw0XLUNDw0Gip1Vo5zqAe46M+OZW/\nQsVr4JY9pUhIrnTKCKepqEp19NbywViLpExyOuqv3P8t0gZOe6klPZdfNl/DM2Cp\n3NnBv2ayPDjbIei+QjQUt0I87sVxSVDPeM5Wd/GDlHkb1BP0KTYUFBmvoufSK/0a\nFAgcYn69y0DB7jfJQ6iI0mJG+fnr2Uuw599zbYQDw/PnrepsfqirK0ygRlX6k/ZU\n7bM9AoIBAQCPiiuSVESVUEHfxDV/MWuN7q5qYfKVG2oxuB0ugfD6qSuLlbsp1Kr5\nxF4uRxzjVxu70vKrbCzEtZDXR0QFMYvEY3Dr1p9QGxWwqEr+RDcEvwVpeXx8T7pl\nKzKpPKaMpUaL8qKMKng0Dp/7YmJ/ec+hH/8uZk93ykBSnf6xbzXZrgoahYcZjYrd\n8j8nkVAsGqMDhzxIb2dpDGdSizhE+aICy5zwWDYT4IR85mdMf7/djph2zq5Ts8V3\n+kYwvJwaslih+r6Z1rKosv8xlfVHEiGo/DypgGmwbK/liMjmrarQTlvHuFvkn4/0\nH0rGGRVgbI8V6FzgTGuAa7bkUgFL4agDAoIBAQDN7mkg0cAx0jqGORvTt5PwKFSq\no12uU/5qZ2qfRr/BObJr/xFhNWn4kFJA7/GtJ/41EpDap/68sBtKYMHJ4AD/d0pG\nuJLJX4QjZPinKIhZ6VyD2xgzG0J9VQX+Y//QRDzeWJmTJckqFsSUl8daf77+HiAC\nYOvd8HL29Po5Dy3SOaXeFHgUgGTKEpGchqTO5tZqzv8VHuu3Q6Oiw/ByiBGAdF5B\nj6UoQdr7iexl9oQ95CfdfRQ2IGV7+y/h+NrWa8g+ZWrH3nqWR6Zd+MhVzOlx0VDe\nGIE85afPlsHdDdvk2XYeEXUbLnpBe2X5xYjnU6dzdsF1Tnk6rxRq8HltwpO8\n-----END RSA PRIVATE KEY-----\n",
            "content_base64": null,
            "directory_permission": "0777",
            "file_permission": "400",
            "filename": "task1-dev-linux-eu-west-1.pem",
            "id": "ddd9bd85cdfa2cb3f52debdd44c694e1ebc1df3b",
            "sensitive_content": null,
            "source": null
          },
          "sensitive_attributes": [
            [
              {
                "type": "get_attr",
                "value": "content"
              }
            ]
          ],
          "private": "bnVsbA==",
          "dependencies": [
            "aws_key_pair.key_pair",
            "tls_private_key.key_pair"
          ]
        }
      ]
    },
    {
      "mode": "managed",
      "type": "tls_private_key",
      "name": "key_pair",
      "provider": "provider[\"registry.terraform.io/hashicorp/tls\"]",
      "instances": [
        {
          "schema_version": 0,
          "attributes": {
            "algorithm": "RSA",
            "ecdsa_curve": "P224",
            "id": "3c3edf42dd9adb6d60d258eb032e2f9b6287051c",
            "private_key_openssh": "-----BEGIN OPENSSH PRIVATE KEY-----\nb3BlbnNzaC1rZXktdjEAAAAABG5vbmUAAAAEbm9uZQAAAAAAAAABAAACFwAAAAdz\nc2gtcnNhAAAAAwEAAQAAAgEA3/4nDSD1UH7D8ZPEbne6rF5f9mGYIY9kxT60D0sn\nVIOCaXGNHZnXOLet/Hbsq0jj1uCUhxX6VdlSD8nscmhEBWHXjZ3qr5rfG46Wec1l\n2gti0XmWeyYs+Qag0QAoqIF3oLcvHSLkyp5H99IO7TYbDtN8PMXfGoZfdgfXYJNU\ntLWjjlW2MTJ3ByYNzg4/LiZAYZeHRL4R/OMKNPvNGss/AcnoOHjsgOI67vhqjKyi\nX6cEFImWuKYkT5C/ShKiVsIPdyuaxAPW/EG55AL6o8kAInEZIYH2tQV/H75j15Dz\n3IIwjlegnQKnW2O0DMJhIEzIhYqRWV0rrKKjeWUcE5xLoribQpwtWIkmBYaaa4xB\nlCSJxeU28d6D0ZBlxW6GvXfj+mFO3Qz1B+Dt5X2Xa0sNp7y5hXxYpV8WMMRccoEb\nUbjWFjiMRDfXYagh78RQM5RVxJ0i5PAXGd8DXLtMuIDvJwOzjUAsXsKLf0rgrFaA\nThq9fyMRSyYqi+IuvbdJUjjfXGaxnK9BYHfEKzLF9f62cI58szIBTnd4lehwa7As\ntQnptXw/8XXoH0A6U+oLO/6ja2XEUUIvgIamKWXuTsT9FEj2pnACCJ18yP/oJkBR\nm9XI1XkfrII70HXfy8yiC+vN+lsDQGhvhVVDEdK9AiN2RWq3uLSM5FLbSVYt331l\nRAcAAAc4ChnlBgoZ5QYAAAAHc3NoLXJzYQAAAgEA3/4nDSD1UH7D8ZPEbne6rF5f\n9mGYIY9kxT60D0snVIOCaXGNHZnXOLet/Hbsq0jj1uCUhxX6VdlSD8nscmhEBWHX\njZ3qr5rfG46Wec1l2gti0XmWeyYs+Qag0QAoqIF3oLcvHSLkyp5H99IO7TYbDtN8\nPMXfGoZfdgfXYJNUtLWjjlW2MTJ3ByYNzg4/LiZAYZeHRL4R/OMKNPvNGss/Acno\nOHjsgOI67vhqjKyiX6cEFImWuKYkT5C/ShKiVsIPdyuaxAPW/EG55AL6o8kAInEZ\nIYH2tQV/H75j15Dz3IIwjlegnQKnW2O0DMJhIEzIhYqRWV0rrKKjeWUcE5xLorib\nQpwtWIkmBYaaa4xBlCSJxeU28d6D0ZBlxW6GvXfj+mFO3Qz1B+Dt5X2Xa0sNp7y5\nhXxYpV8WMMRccoEbUbjWFjiMRDfXYagh78RQM5RVxJ0i5PAXGd8DXLtMuIDvJwOz\njUAsXsKLf0rgrFaAThq9fyMRSyYqi+IuvbdJUjjfXGaxnK9BYHfEKzLF9f62cI58\nszIBTnd4lehwa7AstQnptXw/8XXoH0A6U+oLO/6ja2XEUUIvgIamKWXuTsT9FEj2\npnACCJ18yP/oJkBRm9XI1XkfrII70HXfy8yiC+vN+lsDQGhvhVVDEdK9AiN2RWq3\nuLSM5FLbSVYt331lRAcAAAADAQABAAACAEjK3YIEvfRE3gS6EtIbkszFdsYo/Tma\n0hLPx9BYihWLD2yY/FUsU6cY+i/brhoT/AcuwNYNrGcN0v9Sjca4X7KoE1bwhP5A\nhFT+R6SZvYnYvWp56w9mXqMnJkgFlzD7shbGsUb0ugmm2piM6VDpjm2JCQzu+Qwz\nsv42miXGe3amuNpevHDMh6YJFd9q/dlPkQimJ82NP2dBmWWSlxsoBffc19zSX3mb\nC6/xhx7kU3hmXIsYE6U6SP6aea/m0l8DfecqgodFAC7GZVTWKwHjJmoK+zHKfJRj\njuaQBv5dGwMERCdeDtI3tI+cnTywRsQqb9gGKioyfykBScL/utocpu9Ex55F8/4k\niqPatNc0bbOQpa4tMl8s3LgIrYmMPKROp7So5OoMV6M/TD7zny+okFiyxTSyS1r6\nqoF8Wl0UwzPQDvnz3XTyyroiLff7/awNYx1Q9Y1mpTbyLI4O/uJJl/Hj4uQbLXAg\n/ZpamEioQrpngIIhmPWhQ7CBZue0T5hZXv6vAeB1iXYtj7oHO/EULFAIbnCZM9st\nlYqVIURivGukA7dS5Fvwni/qcqWiiK3Yd8Ok0UH2e4nN2sZhFIKaT/ed7UIjkUTj\n9AvUJTCijKAyZa0qzqZjdCzuZrAPZu05OY+12klq8PjnRtFlFjw4nIN5DI5kQV+A\n+mh9/f2lVyJxAAABAQDN7mkg0cAx0jqGORvTt5PwKFSqo12uU/5qZ2qfRr/BObJr\n/xFhNWn4kFJA7/GtJ/41EpDap/68sBtKYMHJ4AD/d0pGuJLJX4QjZPinKIhZ6VyD\n2xgzG0J9VQX+Y//QRDzeWJmTJckqFsSUl8daf77+HiACYOvd8HL29Po5Dy3SOaXe\nFHgUgGTKEpGchqTO5tZqzv8VHuu3Q6Oiw/ByiBGAdF5Bj6UoQdr7iexl9oQ95Cfd\nfRQ2IGV7+y/h+NrWa8g+ZWrH3nqWR6Zd+MhVzOlx0VDeGIE85afPlsHdDdvk2XYe\nEXUbLnpBe2X5xYjnU6dzdsF1Tnk6rxRq8HltwpO8AAABAQD+N2FVQ483I5hzSxrU\n3JVSbIwOY+twt1gzd+ZonrWyGE4KIik/fKyfW6ezBhuajRQznXCLixwGYJiMd2UL\nGXe2ihhoBQxbGuNglfU/Mc6lu2fJ5m2JD3SpAUaKwbOiyQ5hKEY9d0XWOb93H3uH\nUBFzEQ6oQRGDG6XLDNiaOoWNyivza/SUXRH0TjH5tM0EuZWKe3yZx6sdUTjW53ED\n2tkPzCvfNOfQPhxwOnHLtDl4fniDrHoMskxVWkfuMxsKa4iUfF2taQXmqjLAlgPP\njT4vl6aLlYBu9WP1wUArw/tzB4Uaai6ETAG9RgjX54x2pYqQ7tEJeawxmaVrmsOS\nxyNdAAABAQDhkHw4AV5J5g3o3wbBMR4XpXlFCk/thgbSDmsbFUpxiS/ziOI7gRBW\nOkCtelBXb0bJfU4jKmk6pEi7fZFm6CVoHrlvahihrKPRmzGepzRPkMlKuklW/OeL\nTrLi9InThTpdZWouFKn5ZnSarSyq/eniFFHgM0EiejcdjuDR3qPJ+1iGTg2PY8Tr\n3e03KxI7xJmSAJNqqgsv1cU5llO9mD5LbP9ByrJ3jeDDtVvdsWtGlnajbz10Ehph\nj7fhbHORkuSOs1qcnzUWP9m5jRIe3040DXcjPzOfX1MPNXlPGJ4pHzOnm8uPWHnC\nKFjE5JbKsCGBiMYAtS2rGg2XLLpSpxKzAAAAAAEC\n-----END OPENSSH PRIVATE KEY-----\n",
            "private_key_pem": "-----BEGIN RSA PRIVATE KEY-----\nMIIJKQIBAAKCAgEA3/4nDSD1UH7D8ZPEbne6rF5f9mGYIY9kxT60D0snVIOCaXGN\nHZnXOLet/Hbsq0jj1uCUhxX6VdlSD8nscmhEBWHXjZ3qr5rfG46Wec1l2gti0XmW\neyYs+Qag0QAoqIF3oLcvHSLkyp5H99IO7TYbDtN8PMXfGoZfdgfXYJNUtLWjjlW2\nMTJ3ByYNzg4/LiZAYZeHRL4R/OMKNPvNGss/AcnoOHjsgOI67vhqjKyiX6cEFImW\nuKYkT5C/ShKiVsIPdyuaxAPW/EG55AL6o8kAInEZIYH2tQV/H75j15Dz3IIwjleg\nnQKnW2O0DMJhIEzIhYqRWV0rrKKjeWUcE5xLoribQpwtWIkmBYaaa4xBlCSJxeU2\n8d6D0ZBlxW6GvXfj+mFO3Qz1B+Dt5X2Xa0sNp7y5hXxYpV8WMMRccoEbUbjWFjiM\nRDfXYagh78RQM5RVxJ0i5PAXGd8DXLtMuIDvJwOzjUAsXsKLf0rgrFaAThq9fyMR\nSyYqi+IuvbdJUjjfXGaxnK9BYHfEKzLF9f62cI58szIBTnd4lehwa7AstQnptXw/\n8XXoH0A6U+oLO/6ja2XEUUIvgIamKWXuTsT9FEj2pnACCJ18yP/oJkBRm9XI1Xkf\nrII70HXfy8yiC+vN+lsDQGhvhVVDEdK9AiN2RWq3uLSM5FLbSVYt331lRAcCAwEA\nAQKCAgBIyt2CBL30RN4EuhLSG5LMxXbGKP05mtISz8fQWIoViw9smPxVLFOnGPov\n264aE/wHLsDWDaxnDdL/Uo3GuF+yqBNW8IT+QIRU/kekmb2J2L1qeesPZl6jJyZI\nBZcw+7IWxrFG9LoJptqYjOlQ6Y5tiQkM7vkMM7L+Npolxnt2prjaXrxwzIemCRXf\nav3ZT5EIpifNjT9nQZllkpcbKAX33Nfc0l95mwuv8Yce5FN4ZlyLGBOlOkj+mnmv\n5tJfA33nKoKHRQAuxmVU1isB4yZqCvsxynyUY47mkAb+XRsDBEQnXg7SN7SPnJ08\nsEbEKm/YBioqMn8pAUnC/7raHKbvRMeeRfP+JIqj2rTXNG2zkKWuLTJfLNy4CK2J\njDykTqe0qOTqDFejP0w+858vqJBYssU0skta+qqBfFpdFMMz0A7589108sq6Ii33\n+/2sDWMdUPWNZqU28iyODv7iSZfx4+LkGy1wIP2aWphIqEK6Z4CCIZj1oUOwgWbn\ntE+YWV7+rwHgdYl2LY+6BzvxFCxQCG5wmTPbLZWKlSFEYrxrpAO3UuRb8J4v6nKl\nooit2HfDpNFB9nuJzdrGYRSCmk/3ne1CI5FE4/QL1CUwooygMmWtKs6mY3Qs7maw\nD2btOTmPtdpJavD450bRZRY8OJyDeQyOZEFfgPpoff39pVcicQKCAQEA/jdhVUOP\nNyOYc0sa1NyVUmyMDmPrcLdYM3fmaJ61shhOCiIpP3ysn1unswYbmo0UM51wi4sc\nBmCYjHdlCxl3tooYaAUMWxrjYJX1PzHOpbtnyeZtiQ90qQFGisGzoskOYShGPXdF\n1jm/dx97h1ARcxEOqEERgxulywzYmjqFjcor82v0lF0R9E4x+bTNBLmVint8mcer\nHVE41udxA9rZD8wr3zTn0D4ccDpxy7Q5eH54g6x6DLJMVVpH7jMbCmuIlHxdrWkF\n5qoywJYDz40+L5emi5WAbvVj9cFAK8P7cweFGmouhEwBvUYI1+eMdqWKkO7RCXms\nMZmla5rDkscjXQKCAQEA4ZB8OAFeSeYN6N8GwTEeF6V5RQpP7YYG0g5rGxVKcYkv\n84jiO4EQVjpArXpQV29GyX1OIyppOqRIu32RZuglaB65b2oYoayj0Zsxnqc0T5DJ\nSrpJVvzni06y4vSJ04U6XWVqLhSp+WZ0mq0sqv3p4hRR4DNBIno3HY7g0d6jyftY\nhk4Nj2PE693tNysSO8SZkgCTaqoLL9XFOZZTvZg+S2z/Qcqyd43gw7Vb3bFrRpZ2\no289dBIaYY+34WxzkZLkjrNanJ81Fj/ZuY0SHt9ONA13Iz8zn19TDzV5TxieKR8z\np5vLj1h5wihYxOSWyrAhgYjGALUtqxoNlyy6UqcSswKCAQBkFNdr4uoaEhhto27P\nyHu89GD7NVk2iefec2CxZXIwyCLJGIPWq7WmE0ZlU41AfjQq0dvCBCUnWZYVDtgn\n04HuylUrdnlT0LUdjEv98hTh6HLG6MHMyNnrw0XLUNDw0Gip1Vo5zqAe46M+OZW/\nQsVr4JY9pUhIrnTKCKepqEp19NbywViLpExyOuqv3P8t0gZOe6klPZdfNl/DM2Cp\n3NnBv2ayPDjbIei+QjQUt0I87sVxSVDPeM5Wd/GDlHkb1BP0KTYUFBmvoufSK/0a\nFAgcYn69y0DB7jfJQ6iI0mJG+fnr2Uuw599zbYQDw/PnrepsfqirK0ygRlX6k/ZU\n7bM9AoIBAQCPiiuSVESVUEHfxDV/MWuN7q5qYfKVG2oxuB0ugfD6qSuLlbsp1Kr5\nxF4uRxzjVxu70vKrbCzEtZDXR0QFMYvEY3Dr1p9QGxWwqEr+RDcEvwVpeXx8T7pl\nKzKpPKaMpUaL8qKMKng0Dp/7YmJ/ec+hH/8uZk93ykBSnf6xbzXZrgoahYcZjYrd\n8j8nkVAsGqMDhzxIb2dpDGdSizhE+aICy5zwWDYT4IR85mdMf7/djph2zq5Ts8V3\n+kYwvJwaslih+r6Z1rKosv8xlfVHEiGo/DypgGmwbK/liMjmrarQTlvHuFvkn4/0\nH0rGGRVgbI8V6FzgTGuAa7bkUgFL4agDAoIBAQDN7mkg0cAx0jqGORvTt5PwKFSq\no12uU/5qZ2qfRr/BObJr/xFhNWn4kFJA7/GtJ/41EpDap/68sBtKYMHJ4AD/d0pG\nuJLJX4QjZPinKIhZ6VyD2xgzG0J9VQX+Y//QRDzeWJmTJckqFsSUl8daf77+HiAC\nYOvd8HL29Po5Dy3SOaXeFHgUgGTKEpGchqTO5tZqzv8VHuu3Q6Oiw/ByiBGAdF5B\nj6UoQdr7iexl9oQ95CfdfRQ2IGV7+y/h+NrWa8g+ZWrH3nqWR6Zd+MhVzOlx0VDe\nGIE85afPlsHdDdvk2XYeEXUbLnpBe2X5xYjnU6dzdsF1Tnk6rxRq8HltwpO8\n-----END RSA PRIVATE KEY-----\n",
            "public_key_fingerprint_md5": "e5:fb:94:2a:b5:8d:8c:b6:6d:23:17:55:a9:a8:76:3e",
            "public_key_fingerprint_sha256": "SHA256:/lXCgRQjXk6R4s/HW7hdOsocSu25T3z8dgtKw2Ftr9k",
            "public_key_openssh": "ssh-rsa AAAAB3NzaC1yc2EAAAADAQABAAACAQDf/icNIPVQfsPxk8Rud7qsXl/2YZghj2TFPrQPSydUg4JpcY0dmdc4t638duyrSOPW4JSHFfpV2VIPyexyaEQFYdeNneqvmt8bjpZ5zWXaC2LReZZ7Jiz5BqDRACiogXegty8dIuTKnkf30g7tNhsO03w8xd8ahl92B9dgk1S0taOOVbYxMncHJg3ODj8uJkBhl4dEvhH84wo0+80ayz8Byeg4eOyA4jru+GqMrKJfpwQUiZa4piRPkL9KEqJWwg93K5rEA9b8QbnkAvqjyQAicRkhgfa1BX8fvmPXkPPcgjCOV6CdAqdbY7QMwmEgTMiFipFZXSusoqN5ZRwTnEuiuJtCnC1YiSYFhpprjEGUJInF5Tbx3oPRkGXFboa9d+P6YU7dDPUH4O3lfZdrSw2nvLmFfFilXxYwxFxygRtRuNYWOIxEN9dhqCHvxFAzlFXEnSLk8BcZ3wNcu0y4gO8nA7ONQCxewot/SuCsVoBOGr1/IxFLJiqL4i69t0lSON9cZrGcr0Fgd8QrMsX1/rZwjnyzMgFOd3iV6HBrsCy1Cem1fD/xdegfQDpT6gs7/qNrZcRRQi+AhqYpZe5OxP0USPamcAIInXzI/+gmQFGb1cjVeR+sgjvQdd/LzKIL6836WwNAaG+FVUMR0r0CI3ZFare4tIzkUttJVi3ffWVEBw==\n",
            "public_key_pem": "-----BEGIN PUBLIC KEY-----\nMIICIjANBgkqhkiG9w0BAQEFAAOCAg8AMIICCgKCAgEA3/4nDSD1UH7D8ZPEbne6\nrF5f9mGYIY9kxT60D0snVIOCaXGNHZnXOLet/Hbsq0jj1uCUhxX6VdlSD8nscmhE\nBWHXjZ3qr5rfG46Wec1l2gti0XmWeyYs+Qag0QAoqIF3oLcvHSLkyp5H99IO7TYb\nDtN8PMXfGoZfdgfXYJNUtLWjjlW2MTJ3ByYNzg4/LiZAYZeHRL4R/OMKNPvNGss/\nAcnoOHjsgOI67vhqjKyiX6cEFImWuKYkT5C/ShKiVsIPdyuaxAPW/EG55AL6o8kA\nInEZIYH2tQV/H75j15Dz3IIwjlegnQKnW2O0DMJhIEzIhYqRWV0rrKKjeWUcE5xL\noribQpwtWIkmBYaaa4xBlCSJxeU28d6D0ZBlxW6GvXfj+mFO3Qz1B+Dt5X2Xa0sN\np7y5hXxYpV8WMMRccoEbUbjWFjiMRDfXYagh78RQM5RVxJ0i5PAXGd8DXLtMuIDv\nJwOzjUAsXsKLf0rgrFaAThq9fyMRSyYqi+IuvbdJUjjfXGaxnK9BYHfEKzLF9f62\ncI58szIBTnd4lehwa7AstQnptXw/8XXoH0A6U+oLO/6ja2XEUUIvgIamKWXuTsT9\nFEj2pnACCJ18yP/oJkBRm9XI1XkfrII70HXfy8yiC+vN+lsDQGhvhVVDEdK9AiN2\nRWq3uLSM5FLbSVYt331lRAcCAwEAAQ==\n-----END PUBLIC KEY-----\n",
            "rsa_bits": 4096
          },
          "sensitive_attributes": [],
          "private": "bnVsbA=="
        }
      ]
    }
  ]
}
