{
  "version": 4,
  "terraform_version": "1.2.6",
  "serial": 405,
  "lineage": "5b37307c-bf9b-a912-823d-4bda60c5a9d9",
  "outputs": {
    "vm_linux_server_instance_id": {
      "value": "aws_instance.linux-server.id",
      "type": "string"
    },
    "vm_linux_server_instance_private_ip": {
      "value": "aws_instance.linux-server.private_ip",
      "type": "string"
    },
    "vm_linux_server_instance_public_dns": {
      "value": "aws_instance.linux-server.public_dns",
      "type": "string"
    },
    "vm_linux_server_instance_public_ip": {
      "value": "aws_eip.linux-eip[count.index].public_ip",
      "type": "string"
    }
  },
  "resources": [
    {
      "mode": "data",
      "type": "aws_ami",
      "name": "centos-6",
      "provider": "provider[\"registry.terraform.io/hashicorp/aws\"]",
      "instances": [
        {
          "schema_version": 0,
          "attributes": {
            "architecture": "x86_64",
            "arn": "arn:aws:ec2:eu-west-1::image/ami-07c6c959dd5979f64",
            "block_device_mappings": [
              {
                "device_name": "/dev/sda1",
                "ebs": {
                  "delete_on_termination": "false",
                  "encrypted": "false",
                  "iops": "0",
                  "snapshot_id": "snap-059f6e2ac62cb56ca",
                  "throughput": "0",
                  "volume_size": "8",
                  "volume_type": "gp2"
                },
                "no_device": "",
                "virtual_name": ""
              }
            ],
            "creation_date": "2020-10-09T16:37:54.000Z",
            "description": "CentOS Linux 6 x86_64 HVM EBS ENA 1901_01",
            "ena_support": true,
            "executable_users": null,
            "filter": [
              {
                "name": "architecture",
                "values": [
                  "x86_64"
                ]
              },
              {
                "name": "name",
                "values": [
                  "CentOS Linux 6 x86_64 HVM EBS *"
                ]
              },
              {
                "name": "root-device-type",
                "values": [
                  "ebs"
                ]
              }
            ],
            "hypervisor": "xen",
            "id": "ami-07c6c959dd5979f64",
            "image_id": "ami-07c6c959dd5979f64",
            "image_location": "aws-marketplace/CentOS Linux 6 x86_64 HVM EBS ENA 1901_01-d4823986-573f-4772-a3e9-23b4754fc21a-ami-079f4a7926b6b99ab.4",
            "image_owner_alias": "aws-marketplace",
            "image_type": "machine",
            "kernel_id": null,
            "most_recent": true,
            "name": "CentOS Linux 6 x86_64 HVM EBS ENA 1901_01-d4823986-573f-4772-a3e9-23b4754fc21a-ami-079f4a7926b6b99ab.4",
            "name_regex": null,
            "owner_id": "679593333241",
            "owners": [
              "679593333241"
            ],
            "platform": null,
            "platform_details": "Linux/UNIX",
            "product_codes": [
              {
                "product_code_id": "ckx0h8ljio731afm2k92jtg62",
                "product_code_type": "marketplace"
              }
            ],
            "public": true,
            "ramdisk_id": null,
            "root_device_name": "/dev/sda1",
            "root_device_type": "ebs",
            "root_snapshot_id": "snap-059f6e2ac62cb56ca",
            "sriov_net_support": "simple",
            "state": "available",
            "state_reason": {
              "code": "UNSET",
              "message": "UNSET"
            },
            "tags": {},
            "usage_operation": "RunInstances",
            "virtualization_type": "hvm"
          },
          "sensitive_attributes": []
        }
      ]
    },
    {
      "mode": "data",
      "type": "aws_ami",
      "name": "centos-7",
      "provider": "provider[\"registry.terraform.io/hashicorp/aws\"]",
      "instances": [
        {
          "schema_version": 0,
          "attributes": {
            "architecture": "x86_64",
            "arn": "arn:aws:ec2:eu-west-1::image/ami-0b850cf02cc00fdc8",
            "block_device_mappings": [
              {
                "device_name": "/dev/sda1",
                "ebs": {
                  "delete_on_termination": "false",
                  "encrypted": "false",
                  "iops": "0",
                  "snapshot_id": "snap-0925edc1a303cc79c",
                  "throughput": "0",
                  "volume_size": "8",
                  "volume_type": "gp2"
                },
                "no_device": "",
                "virtual_name": ""
              }
            ],
            "creation_date": "2020-03-09T21:54:54.000Z",
            "description": "CentOS Linux 7 x86_64 HVM EBS ENA 2002_01",
            "ena_support": true,
            "executable_users": null,
            "filter": [
              {
                "name": "architecture",
                "values": [
                  "x86_64"
                ]
              },
              {
                "name": "name",
                "values": [
                  "CentOS Linux 7 x86_64 HVM EBS *"
                ]
              },
              {
                "name": "root-device-type",
                "values": [
                  "ebs"
                ]
              }
            ],
            "hypervisor": "xen",
            "id": "ami-0b850cf02cc00fdc8",
            "image_id": "ami-0b850cf02cc00fdc8",
            "image_location": "aws-marketplace/CentOS Linux 7 x86_64 HVM EBS ENA 2002_01-b7ee8a69-ee97-4a49-9e68-afaee216db2e-ami-0042af67f8e4dcc20.4",
            "image_owner_alias": "aws-marketplace",
            "image_type": "machine",
            "kernel_id": null,
            "most_recent": true,
            "name": "CentOS Linux 7 x86_64 HVM EBS ENA 2002_01-b7ee8a69-ee97-4a49-9e68-afaee216db2e-ami-0042af67f8e4dcc20.4",
            "name_regex": null,
            "owner_id": "679593333241",
            "owners": [
              "679593333241"
            ],
            "platform": null,
            "platform_details": "Linux/UNIX",
            "product_codes": [
              {
                "product_code_id": "aw0evgkw8e5c1q413zgy5pjce",
                "product_code_type": "marketplace"
              }
            ],
            "public": true,
            "ramdisk_id": null,
            "root_device_name": "/dev/sda1",
            "root_device_type": "ebs",
            "root_snapshot_id": "snap-0925edc1a303cc79c",
            "sriov_net_support": "simple",
            "state": "available",
            "state_reason": {
              "code": "UNSET",
              "message": "UNSET"
            },
            "tags": {},
            "usage_operation": "RunInstances",
            "virtualization_type": "hvm"
          },
          "sensitive_attributes": []
        }
      ]
    },
    {
      "mode": "data",
      "type": "aws_ami",
      "name": "centos-8",
      "provider": "provider[\"registry.terraform.io/hashicorp/aws\"]",
      "instances": [
        {
          "schema_version": 0,
          "attributes": {
            "architecture": "x86_64",
            "arn": "arn:aws:ec2:eu-west-1::image/ami-0e0669c0b39d3a79f",
            "block_device_mappings": [
              {
                "device_name": "/dev/sda1",
                "ebs": {
                  "delete_on_termination": "true",
                  "encrypted": "false",
                  "iops": "0",
                  "snapshot_id": "snap-013ba956022ba021a",
                  "throughput": "0",
                  "volume_size": "10",
                  "volume_type": "gp2"
                },
                "no_device": "",
                "virtual_name": ""
              }
            ],
            "creation_date": "2021-08-23T13:47:10.000Z",
            "description": "CentOS Stream 8 x86_64 20210603",
            "ena_support": true,
            "executable_users": null,
            "filter": [
              {
                "name": "architecture",
                "values": [
                  "x86_64"
                ]
              },
              {
                "name": "name",
                "values": [
                  "CentOS Stream 8*"
                ]
              },
              {
                "name": "root-device-type",
                "values": [
                  "ebs"
                ]
              }
            ],
            "hypervisor": "xen",
            "id": "ami-0e0669c0b39d3a79f",
            "image_id": "ami-0e0669c0b39d3a79f",
            "image_location": "125523088429/CentOS Stream 8 x86_64 20210603",
            "image_owner_alias": null,
            "image_type": "machine",
            "kernel_id": null,
            "most_recent": true,
            "name": "CentOS Stream 8 x86_64 20210603",
            "name_regex": null,
            "owner_id": "125523088429",
            "owners": [
              "125523088429"
            ],
            "platform": null,
            "platform_details": "Linux/UNIX",
            "product_codes": [],
            "public": true,
            "ramdisk_id": null,
            "root_device_name": "/dev/sda1",
            "root_device_type": "ebs",
            "root_snapshot_id": "snap-013ba956022ba021a",
            "sriov_net_support": null,
            "state": "available",
            "state_reason": {
              "code": "UNSET",
              "message": "UNSET"
            },
            "tags": {},
            "usage_operation": "RunInstances",
            "virtualization_type": "hvm"
          },
          "sensitive_attributes": []
        }
      ]
    },
    {
      "mode": "data",
      "type": "aws_ami",
      "name": "centos-9",
      "provider": "provider[\"registry.terraform.io/hashicorp/aws\"]",
      "instances": [
        {
          "schema_version": 0,
          "attributes": {
            "architecture": "x86_64",
            "arn": "arn:aws:ec2:eu-west-1::image/ami-02ea839b2b44e1802",
            "block_device_mappings": [
              {
                "device_name": "/dev/sda1",
                "ebs": {
                  "delete_on_termination": "true",
                  "encrypted": "false",
                  "iops": "0",
                  "snapshot_id": "snap-043a155e2d609f75d",
                  "throughput": "0",
                  "volume_size": "10",
                  "volume_type": "gp2"
                },
                "no_device": "",
                "virtual_name": ""
              }
            ],
            "creation_date": "2022-08-09T14:20:40.000Z",
            "description": "CentOS Stream 9 x86_64 20220808",
            "ena_support": true,
            "executable_users": null,
            "filter": [
              {
                "name": "architecture",
                "values": [
                  "x86_64"
                ]
              },
              {
                "name": "name",
                "values": [
                  "CentOS Stream 9*"
                ]
              },
              {
                "name": "root-device-type",
                "values": [
                  "ebs"
                ]
              }
            ],
            "hypervisor": "xen",
            "id": "ami-02ea839b2b44e1802",
            "image_id": "ami-02ea839b2b44e1802",
            "image_location": "125523088429/CentOS Stream 9 x86_64 20220808",
            "image_owner_alias": null,
            "image_type": "machine",
            "kernel_id": null,
            "most_recent": true,
            "name": "CentOS Stream 9 x86_64 20220808",
            "name_regex": null,
            "owner_id": "125523088429",
            "owners": [
              "125523088429"
            ],
            "platform": null,
            "platform_details": "Linux/UNIX",
            "product_codes": [],
            "public": true,
            "ramdisk_id": null,
            "root_device_name": "/dev/sda1",
            "root_device_type": "ebs",
            "root_snapshot_id": "snap-043a155e2d609f75d",
            "sriov_net_support": null,
            "state": "available",
            "state_reason": {
              "code": "UNSET",
              "message": "UNSET"
            },
            "tags": {},
            "usage_operation": "RunInstances",
            "virtualization_type": "hvm"
          },
          "sensitive_attributes": []
        }
      ]
    },
    {
      "mode": "managed",
      "type": "aws_eip",
      "name": "linux-eip",
      "provider": "provider[\"registry.terraform.io/hashicorp/aws\"]",
      "instances": [
        {
          "index_key": 0,
          "schema_version": 0,
          "attributes": {
            "address": null,
            "allocation_id": "eipalloc-0fac63c7742ec54ed",
            "associate_with_private_ip": null,
            "association_id": "eipassoc-09ab8afe13be3321c",
            "carrier_ip": "",
            "customer_owned_ip": "",
            "customer_owned_ipv4_pool": "",
            "domain": "vpc",
            "id": "eipalloc-0fac63c7742ec54ed",
            "instance": "i-026bed2e0408c88af",
            "network_border_group": "eu-west-1",
            "network_interface": "eni-0360210218b86c4d6",
            "private_dns": "ip-10-11-1-191.eu-west-1.compute.internal",
            "private_ip": "10.11.1.191",
            "public_dns": "ec2-63-34-74-209.eu-west-1.compute.amazonaws.com",
            "public_ip": "63.34.74.209",
            "public_ipv4_pool": "amazon",
            "tags": {
              "Environment": "dev",
              "Name": "task1-dev-linux-eip 0"
            },
            "tags_all": {
              "Environment": "dev",
              "Name": "task1-dev-linux-eip 0"
            },
            "timeouts": null,
            "vpc": true
          },
          "sensitive_attributes": [],
          "private": "eyJlMmJmYjczMC1lY2FhLTExZTYtOGY4OC0zNDM2M2JjN2M0YzAiOnsiZGVsZXRlIjoxODAwMDAwMDAwMDAsInJlYWQiOjkwMDAwMDAwMDAwMCwidXBkYXRlIjozMDAwMDAwMDAwMDB9fQ==",
          "dependencies": [
            "aws_instance.linux-server",
            "aws_key_pair.key_pair",
            "aws_security_group.aws-linux-sg",
            "aws_subnet.public-subnet",
            "aws_vpc.vpc",
            "data.aws_ami.centos-8",
            "tls_private_key.key_pair"
          ]
        }
      ]
    },
    {
      "mode": "managed",
      "type": "aws_eip_association",
      "name": "linux-eip-association",
      "provider": "provider[\"registry.terraform.io/hashicorp/aws\"]",
      "instances": [
        {
          "index_key": 0,
          "schema_version": 0,
          "attributes": {
            "allocation_id": "eipalloc-0fac63c7742ec54ed",
            "allow_reassociation": null,
            "id": "eipassoc-09ab8afe13be3321c",
            "instance_id": "i-026bed2e0408c88af",
            "network_interface_id": "eni-0360210218b86c4d6",
            "private_ip_address": "10.11.1.191",
            "public_ip": "63.34.74.209"
          },
          "sensitive_attributes": [],
          "private": "bnVsbA==",
          "dependencies": [
            "aws_eip.linux-eip",
            "aws_instance.linux-server",
            "aws_key_pair.key_pair",
            "aws_security_group.aws-linux-sg",
            "aws_subnet.public-subnet",
            "aws_vpc.vpc",
            "data.aws_ami.centos-8",
            "tls_private_key.key_pair"
          ]
        }
      ]
    },
    {
      "mode": "managed",
      "type": "aws_instance",
      "name": "linux-server",
      "provider": "provider[\"registry.terraform.io/hashicorp/aws\"]",
      "instances": [
        {
          "index_key": 0,
          "schema_version": 1,
          "attributes": {
            "ami": "ami-0e0669c0b39d3a79f",
            "arn": "arn:aws:ec2:eu-west-1:881964879253:instance/i-026bed2e0408c88af",
            "associate_public_ip_address": true,
            "availability_zone": "eu-west-1c",
            "capacity_reservation_specification": [
              {
                "capacity_reservation_preference": "open",
                "capacity_reservation_target": []
              }
            ],
            "cpu_core_count": 1,
            "cpu_threads_per_core": 1,
            "credit_specification": [
              {
                "cpu_credits": "standard"
              }
            ],
            "disable_api_termination": false,
            "ebs_block_device": [
              {
                "delete_on_termination": true,
                "device_name": "/dev/xvdb",
                "encrypted": true,
                "iops": 0,
                "kms_key_id": "arn:aws:kms:eu-west-1:881964879253:key/dc167ed5-6788-4ce9-ad7c-f0338111d622",
                "snapshot_id": "",
                "tags": {
                  "Name": "/data1"
                },
                "throughput": 0,
                "volume_id": "vol-03969c8c3f5a709d7",
                "volume_size": 1,
                "volume_type": "standard"
              },
              {
                "delete_on_termination": true,
                "device_name": "/dev/xvdc",
                "encrypted": true,
                "iops": 0,
                "kms_key_id": "arn:aws:kms:eu-west-1:881964879253:key/dc167ed5-6788-4ce9-ad7c-f0338111d622",
                "snapshot_id": "",
                "tags": {
                  "Name": "/data2"
                },
                "throughput": 0,
                "volume_id": "vol-064ff24fc516622c2",
                "volume_size": 1,
                "volume_type": "standard"
              }
            ],
            "ebs_optimized": false,
            "enclave_options": [
              {
                "enabled": false
              }
            ],
            "ephemeral_block_device": [],
            "get_password_data": false,
            "hibernation": false,
            "host_id": null,
            "iam_instance_profile": "",
            "id": "i-026bed2e0408c88af",
            "instance_initiated_shutdown_behavior": "stop",
            "instance_state": "running",
            "instance_type": "t2.micro",
            "ipv6_address_count": 0,
            "ipv6_addresses": [],
            "key_name": "task1-dev-linux-eu-west-1",
            "launch_template": [],
            "metadata_options": [
              {
                "http_endpoint": "enabled",
                "http_put_response_hop_limit": 1,
                "http_tokens": "optional",
                "instance_metadata_tags": "disabled"
              }
            ],
            "monitoring": false,
            "network_interface": [],
            "outpost_arn": "",
            "password_data": "",
            "placement_group": "",
            "placement_partition_number": null,
            "primary_network_interface_id": "eni-0360210218b86c4d6",
            "private_dns": "ip-10-11-1-191.eu-west-1.compute.internal",
            "private_ip": "10.11.1.191",
            "public_dns": "ec2-63-33-197-205.eu-west-1.compute.amazonaws.com",
            "public_ip": "63.33.197.205",
            "root_block_device": [
              {
                "delete_on_termination": true,
                "device_name": "/dev/sda1",
                "encrypted": true,
                "iops": 100,
                "kms_key_id": "arn:aws:kms:eu-west-1:881964879253:key/dc167ed5-6788-4ce9-ad7c-f0338111d622",
                "tags": null,
                "throughput": 0,
                "volume_id": "vol-0a01d4e9af5b2c7a7",
                "volume_size": 20,
                "volume_type": "gp2"
              }
            ],
            "secondary_private_ips": [],
            "security_groups": [],
            "source_dest_check": false,
            "subnet_id": "subnet-06e07b8b7e654c64e",
            "tags": {
              "Inventory": "dev",
              "Name": "linux-server 0"
            },
            "tags_all": {
              "Inventory": "dev",
              "Name": "linux-server 0"
            },
            "tenancy": "default",
            "timeouts": null,
            "user_data": "2e22cf1ec43a037c6b98cf1be475fc5cdb542eca",
            "user_data_base64": null,
            "volume_tags": null,
            "vpc_security_group_ids": [
              "sg-04e811d5e951a5c66"
            ]
          },
          "sensitive_attributes": [],
          "private": "eyJlMmJmYjczMC1lY2FhLTExZTYtOGY4OC0zNDM2M2JjN2M0YzAiOnsiY3JlYXRlIjo2MDAwMDAwMDAwMDAsImRlbGV0ZSI6MTIwMDAwMDAwMDAwMCwidXBkYXRlIjo2MDAwMDAwMDAwMDB9LCJzY2hlbWFfdmVyc2lvbiI6IjEifQ==",
          "dependencies": [
            "aws_key_pair.key_pair",
            "aws_security_group.aws-linux-sg",
            "aws_subnet.public-subnet",
            "aws_vpc.vpc",
            "data.aws_ami.centos-8",
            "tls_private_key.key_pair"
          ]
        }
      ]
    },
    {
      "mode": "managed",
      "type": "aws_internet_gateway",
      "name": "gw",
      "provider": "provider[\"registry.terraform.io/hashicorp/aws\"]",
      "instances": [
        {
          "schema_version": 0,
          "attributes": {
            "arn": "arn:aws:ec2:eu-west-1:881964879253:internet-gateway/igw-09b3976c1dceb216a",
            "id": "igw-09b3976c1dceb216a",
            "owner_id": "881964879253",
            "tags": {
              "Environment": "dev",
              "Name": "task1-dev-igw"
            },
            "tags_all": {
              "Environment": "dev",
              "Name": "task1-dev-igw"
            },
            "vpc_id": "vpc-0b94daa814399bf6b"
          },
          "sensitive_attributes": [],
          "private": "bnVsbA==",
          "dependencies": [
            "aws_vpc.vpc"
          ]
        }
      ]
    },
    {
      "mode": "managed",
      "type": "aws_key_pair",
      "name": "key_pair",
      "provider": "provider[\"registry.terraform.io/hashicorp/aws\"]",
      "instances": [
        {
          "schema_version": 1,
          "attributes": {
            "arn": "arn:aws:ec2:eu-west-1:881964879253:key-pair/task1-dev-linux-eu-west-1",
            "fingerprint": "14:1d:b5:41:39:59:8b:83:c9:f2:67:4e:5f:a8:90:9f",
            "id": "task1-dev-linux-eu-west-1",
            "key_name": "task1-dev-linux-eu-west-1",
            "key_name_prefix": "",
            "key_pair_id": "key-0369f856b38bbd9ee",
            "public_key": "ssh-rsa AAAAB3NzaC1yc2EAAAADAQABAAACAQCwj1aod6mDU+eC02CVDTdLUVfZNVNBtRLPjNSp3hvmwBtWHe1hCJcRImntpUBqN2xCEWx3iTiriM8BxeSNCF0XEIzkixeHYq+c7mArVWyEqOBoSbxf31bSgEEKcq5moYhhb+qbjGgtLTJFTp3CEDT8lk2Wpe/sK/VqPtgfWbYV2W0CssXwabfmMZboSQJXaMKp11tYEJGi4llFMgF27o9pdHpyoaaH7pFJkEEmc2Md+CsKDFhJqQOgFZABsPy/n0HYynWW4qHh2YgFy55xzt775gAIFqouEuqfdpWP9ob4kCt5QhBznZagzrG+vL/0jZ1Lwh9UnsscK4NAX2lOybIOlm8nBpPsBmllZrJzMx7ZEDGNGxyRN/61juIaRYKMDsHRBs0RBv2F6VFAU31oTj4ocPlkagwPToHbgreZSum6EA9GreFH56Cy1XpA5zH/gWxA8pepdiFfSx4ZZ/1npzxvwFHGLHPAGpZ++k/EL4vHvXQzCKx09Mq4ioctmDYadJ7LtoNL1ZXhoGoo0qhZefdWlENfMEB3JMQ1wKcLjPJ7oZE+RwXxc1vfvNYGvaL1+rD0eGf/fFmOrjzQ8Yr98faD2KGQjG8vS2eImAKZOgreFfH0FtWzUhcs7JLe5XwK7zpo0E8oWzVyJYjT6CjeSZA0EZaGmz6/a1hz0k2pcTMzYw==",
            "tags": null,
            "tags_all": {}
          },
          "sensitive_attributes": [],
          "private": "eyJzY2hlbWFfdmVyc2lvbiI6IjEifQ==",
          "dependencies": [
            "tls_private_key.key_pair"
          ]
        }
      ]
    },
    {
      "mode": "managed",
      "type": "aws_route_table",
      "name": "public-rt",
      "provider": "provider[\"registry.terraform.io/hashicorp/aws\"]",
      "instances": [
        {
          "schema_version": 0,
          "attributes": {
            "arn": "arn:aws:ec2:eu-west-1:881964879253:route-table/rtb-07fa1cf441fbce46a",
            "id": "rtb-07fa1cf441fbce46a",
            "owner_id": "881964879253",
            "propagating_vgws": [],
            "route": [
              {
                "carrier_gateway_id": "",
                "cidr_block": "0.0.0.0/0",
                "destination_prefix_list_id": "",
                "egress_only_gateway_id": "",
                "gateway_id": "igw-09b3976c1dceb216a",
                "instance_id": "",
                "ipv6_cidr_block": "",
                "local_gateway_id": "",
                "nat_gateway_id": "",
                "network_interface_id": "",
                "transit_gateway_id": "",
                "vpc_endpoint_id": "",
                "vpc_peering_connection_id": ""
              }
            ],
            "tags": {
              "Environment": "dev",
              "Name": "task1-dev-public-subnet-rt"
            },
            "tags_all": {
              "Environment": "dev",
              "Name": "task1-dev-public-subnet-rt"
            },
            "timeouts": null,
            "vpc_id": "vpc-0b94daa814399bf6b"
          },
          "sensitive_attributes": [],
          "private": "eyJlMmJmYjczMC1lY2FhLTExZTYtOGY4OC0zNDM2M2JjN2M0YzAiOnsiY3JlYXRlIjozMDAwMDAwMDAwMDAsImRlbGV0ZSI6MzAwMDAwMDAwMDAwLCJ1cGRhdGUiOjEyMDAwMDAwMDAwMH19",
          "dependencies": [
            "aws_internet_gateway.gw",
            "aws_vpc.vpc"
          ]
        }
      ]
    },
    {
      "mode": "managed",
      "type": "aws_route_table_association",
      "name": "public-rt-association",
      "provider": "provider[\"registry.terraform.io/hashicorp/aws\"]",
      "instances": [
        {
          "schema_version": 0,
          "attributes": {
            "gateway_id": "",
            "id": "rtbassoc-091dfd5d6e1a34da7",
            "route_table_id": "rtb-07fa1cf441fbce46a",
            "subnet_id": "subnet-06e07b8b7e654c64e"
          },
          "sensitive_attributes": [],
          "private": "bnVsbA==",
          "dependencies": [
            "aws_internet_gateway.gw",
            "aws_route_table.public-rt",
            "aws_subnet.public-subnet",
            "aws_vpc.vpc"
          ]
        }
      ]
    },
    {
      "mode": "managed",
      "type": "aws_security_group",
      "name": "aws-linux-sg",
      "provider": "provider[\"registry.terraform.io/hashicorp/aws\"]",
      "instances": [
        {
          "schema_version": 1,
          "attributes": {
            "arn": "arn:aws:ec2:eu-west-1:881964879253:security-group/sg-04e811d5e951a5c66",
            "description": "Allow incoming HTTP connections",
            "egress": [
              {
                "cidr_blocks": [
                  "0.0.0.0/0"
                ],
                "description": "Allow outgoing connections out of the instance",
                "from_port": 0,
                "ipv6_cidr_blocks": [],
                "prefix_list_ids": [],
                "protocol": "-1",
                "security_groups": [],
                "self": false,
                "to_port": 0
              }
            ],
            "id": "sg-04e811d5e951a5c66",
            "ingress": [
              {
                "cidr_blocks": [
                  "0.0.0.0/0"
                ],
                "description": "Allow incoming HTTP connections",
                "from_port": 80,
                "ipv6_cidr_blocks": [],
                "prefix_list_ids": [],
                "protocol": "tcp",
                "security_groups": [],
                "self": false,
                "to_port": 80
              },
              {
                "cidr_blocks": [
                  "0.0.0.0/0"
                ],
                "description": "Allow incoming SSH connections",
                "from_port": 22,
                "ipv6_cidr_blocks": [],
                "prefix_list_ids": [],
                "protocol": "tcp",
                "security_groups": [],
                "self": false,
                "to_port": 22
              }
            ],
            "name": "task1-dev-linux-sg",
            "name_prefix": "",
            "owner_id": "881964879253",
            "revoke_rules_on_delete": false,
            "tags": {
              "Environment": "dev",
              "Name": "task1-dev-linux-sg"
            },
            "tags_all": {
              "Environment": "dev",
              "Name": "task1-dev-linux-sg"
            },
            "timeouts": null,
            "vpc_id": "vpc-0b94daa814399bf6b"
          },
          "sensitive_attributes": [],
          "private": "eyJlMmJmYjczMC1lY2FhLTExZTYtOGY4OC0zNDM2M2JjN2M0YzAiOnsiY3JlYXRlIjo2MDAwMDAwMDAwMDAsImRlbGV0ZSI6OTAwMDAwMDAwMDAwfSwic2NoZW1hX3ZlcnNpb24iOiIxIn0=",
          "dependencies": [
            "aws_vpc.vpc"
          ]
        }
      ]
    },
    {
      "mode": "managed",
      "type": "aws_subnet",
      "name": "public-subnet",
      "provider": "provider[\"registry.terraform.io/hashicorp/aws\"]",
      "instances": [
        {
          "schema_version": 1,
          "attributes": {
            "arn": "arn:aws:ec2:eu-west-1:881964879253:subnet/subnet-06e07b8b7e654c64e",
            "assign_ipv6_address_on_creation": false,
            "availability_zone": "eu-west-1c",
            "availability_zone_id": "euw1-az1",
            "cidr_block": "10.11.1.0/24",
            "customer_owned_ipv4_pool": "",
            "enable_dns64": false,
            "enable_resource_name_dns_a_record_on_launch": false,
            "enable_resource_name_dns_aaaa_record_on_launch": false,
            "id": "subnet-06e07b8b7e654c64e",
            "ipv6_cidr_block": "",
            "ipv6_cidr_block_association_id": "",
            "ipv6_native": false,
            "map_customer_owned_ip_on_launch": false,
            "map_public_ip_on_launch": false,
            "outpost_arn": "",
            "owner_id": "881964879253",
            "private_dns_hostname_type_on_launch": "ip-name",
            "tags": {
              "Environment": "dev",
              "Name": "task1-dev-public-subnet"
            },
            "tags_all": {
              "Environment": "dev",
              "Name": "task1-dev-public-subnet"
            },
            "timeouts": null,
            "vpc_id": "vpc-0b94daa814399bf6b"
          },
          "sensitive_attributes": [],
          "private": "eyJlMmJmYjczMC1lY2FhLTExZTYtOGY4OC0zNDM2M2JjN2M0YzAiOnsiY3JlYXRlIjo2MDAwMDAwMDAwMDAsImRlbGV0ZSI6MTIwMDAwMDAwMDAwMH0sInNjaGVtYV92ZXJzaW9uIjoiMSJ9",
          "dependencies": [
            "aws_vpc.vpc"
          ]
        }
      ]
    },
    {
      "mode": "managed",
      "type": "aws_vpc",
      "name": "vpc",
      "provider": "provider[\"registry.terraform.io/hashicorp/aws\"]",
      "instances": [
        {
          "schema_version": 1,
          "attributes": {
            "arn": "arn:aws:ec2:eu-west-1:881964879253:vpc/vpc-0b94daa814399bf6b",
            "assign_generated_ipv6_cidr_block": false,
            "cidr_block": "10.11.0.0/16",
            "default_network_acl_id": "acl-0baefae535ef24601",
            "default_route_table_id": "rtb-00ec40cb356fa5f9c",
            "default_security_group_id": "sg-074e49c738f0d9c49",
            "dhcp_options_id": "dopt-0cbac607347b20ee5",
            "enable_classiclink": false,
            "enable_classiclink_dns_support": false,
            "enable_dns_hostnames": true,
            "enable_dns_support": true,
            "id": "vpc-0b94daa814399bf6b",
            "instance_tenancy": "default",
            "ipv4_ipam_pool_id": null,
            "ipv4_netmask_length": null,
            "ipv6_association_id": "",
            "ipv6_cidr_block": "",
            "ipv6_cidr_block_network_border_group": "",
            "ipv6_ipam_pool_id": "",
            "ipv6_netmask_length": 0,
            "main_route_table_id": "rtb-00ec40cb356fa5f9c",
            "owner_id": "881964879253",
            "tags": {
              "Environment": "dev",
              "Name": "task1-dev-vpc"
            },
            "tags_all": {
              "Environment": "dev",
              "Name": "task1-dev-vpc"
            }
          },
          "sensitive_attributes": [],
          "private": "eyJzY2hlbWFfdmVyc2lvbiI6IjEifQ=="
        }
      ]
    },
    {
      "mode": "managed",
      "type": "local_file",
      "name": "ssh_key",
      "provider": "provider[\"registry.terraform.io/hashicorp/local\"]",
      "instances": [
        {
          "schema_version": 0,
          "attributes": {
            "content": "-----BEGIN RSA PRIVATE KEY-----\nMIIJKQIBAAKCAgEAsI9WqHepg1PngtNglQ03S1FX2TVTQbUSz4zUqd4b5sAbVh3t\nYQiXESJp7aVAajdsQhFsd4k4q4jPAcXkjQhdFxCM5IsXh2KvnO5gK1VshKjgaEm8\nX99W0oBBCnKuZqGIYW/qm4xoLS0yRU6dwhA0/JZNlqXv7Cv1aj7YH1m2FdltArLF\n8Gm35jGW6EkCV2jCqddbWBCRouJZRTIBdu6PaXR6cqGmh+6RSZBBJnNjHfgrCgxY\nSakDoBWQAbD8v59B2Mp1luKh4dmIBcuecc7e++YACBaqLhLqn3aVj/aG+JAreUIQ\nc52WoM6xvry/9I2dS8IfVJ7LHCuDQF9pTsmyDpZvJwaT7AZpZWayczMe2RAxjRsc\nkTf+tY7iGkWCjA7B0QbNEQb9helRQFN9aE4+KHD5ZGoMD06B24K3mUrpuhAPRq3h\nR+egstV6QOcx/4FsQPKXqXYhX0seGWf9Z6c8b8BRxixzwBqWfvpPxC+Lx710Mwis\ndPTKuIqHLZg2GnSey7aDS9WV4aBqKNKoWXn3VpRDXzBAdyTENcCnC4zye6GRPkcF\n8XNb37zWBr2i9fqw9Hhn/3xZjq480PGK/fH2g9ihkIxvL0tniJgCmToK3hXx9BbV\ns1IXLOyS3uV8Cu86aNBPKFs1ciWI0+go3kmQNBGWhps+v2tYc9JNqXEzM2MCAwEA\nAQKCAgBnChAR21vzR7k5kXCxK/hUHVG+cq93Dly/AbputC/mV8DcXjTVxzSajFHz\nndhc5KFqYU7C6DNJcFsW9s2uPO5O8pq3GjGOElrYpAk94Omm9gOY+UdVUDsUOEM8\n/LapMKYt7ymkw6lcjB7lcb8BrYGu02zOeWLumqzr52crzKhGUhCbXYfFCX2IevJN\n96XFK19HzWYCnBDSVXSxvEA8j3bknVSEp7BPbjweCXDsJrT2nYlIoPG5c0ipWUwk\noIywrBm6klVTzEmbS99lOnLqikd6DL2B+vAwWVvR2lvom4AjecfVSWfegV6R1G7J\nGNCRwT/GIbE1KkLw2rgLjmMf1vfxMUBY7JjUplKzKZFNnbf0CRuKM6p3Lt6Xz+7y\nS7rlur7crNqcoYIwMIfqlsPXunSAO77uHbMO+kzMfdSUnU/SOO4/6+/9RmzSetxV\nCeiVtW3n86mx0l4Bn18EGAZ7pvGL+k2iX04Ha1a7SGi/Fkbb3VsCmgmfzBqnkupa\nnlcw/aMlrz1GGa5cthx9G38W1aIJKNeEGZPJ/Te3wcDRQB/8cMSx2LUD316WXILC\nPYRX2K3P4fmaWRLyGySdHIbn6rCJPrdSZntr3bPt2xH+DjXd1xALHsXn85lMUbfn\nNBApoC7ENNw/+Rr+lkg2+2BO3+ORK65dCwGyitdsD9ckGixLiQKCAQEA2jEGPxTd\nfXi+ZTY5cH9Qf9R1blphuebuiXkwKkKkmN3LkQzqQ3lIxe9W/7ERl2dS8oq35/W3\nbHmPxLFVO4lVYtmwXg2T9mbe4xNYsaZrzf30oKkyOjE8VZxCD0cX/vFpI9a5OaBg\npW9Gbd4ty6KZVjzusx9zHeRn/soF81g88jcvZP8V7kkcoglS9ZsNg8EIW475nN5M\nTbBuSyws+DgfiuqNVJwe3usZwRN+wO5zdKLIScuVnOCttPYeHBsKjfiA/x8F8vtt\nkn2BTXAwc418LQR79EkBI9oJAMhtX7e+rwxgpEgGGEWB+OuwcSWYEqF6jsEcaNdt\nm3ThNUWTY8BTVwKCAQEAzyeJb8gjwHPFhNh1ZBpPmm0zhkEGdc0kZXX3BtjYAguR\nxjWRwYKAJaaataUqgLOz5fvbeJhPWLajeWyLMpLpNobRhslahDzXLpAcpltyn1Ho\nvU7wtFGeTSAYZhaY0cN+NXIw1q8oNw7hOD9/dyeRoxvTFScYdvl1sKcyeBwOugTL\ndP3Mpq+e6YAa7p7hmY6h15few75Z0hRNJ7aDhL4hh7bMReub8j6aGDZjR26rTlXr\n37oOYkcvr8/evbdMeZNAvArFJAFip/KsKxFA+2vTVDPVyFtSNUxy0m2iWcMpfWod\niiPKA6AOJuEDjcZetETapeqicfjQzRWt/nw1jlOE1QKCAQALRQb2kSRTi74Bykgz\nOFA3Ggkqtv5fNL9TWHAVbrXDs4kFJ+6dp5ELsC4FLOcks9CD+IhBMd7Uen7jgOlP\nFuvTHD1QzlC7JFsUzXYCTv84d4qAFd0jRlHAdj6vPVPO9jchA8EzacY0JUg0+onQ\n/8f9vU3y8IfonliEv3iJNiCHvjPzen1uflY9RFAFoYmUKY8982ePI6g7RwabWV/F\nPljauvyrxxiNGQWOhGxCmM5b0uCXdy12GeC+/QtXFkp4RMKc6sRK5ZOmQldAYbAO\n99rXFGk2l+K4MFXQtYl4rSvrLK99LL8r18M70Sie33s4UyDaaL0H6UCfC+1p6/sN\n5uwnAoIBAQCzB2lY6PA1ABkBMY1qwO5w+NVhvsrVfkBpS2T9TuSIB/WpBlz8j0su\nvujP+XldF3FvXpYTiBZzBg0MAIngYGUbEbL9OQF4bZhOjo+kGj5agJCTIykVvcAA\nya8sc3UJPFnT2OdqcqBfzQVJ9l6z3MeZ3o8zpcEX+YoD7MvKT/1OOJyZdEqs9/Rv\nup4MAdXZPxKR35fPNbAsxgzUOIE7dJJH1ux9tRzmY8ILEN4GOxfjsJAUn5iUyQ7m\nc9D9xu9Z1rBIk0pDTsszeJ/g7J1rbImMKOwmpv3KQFKvl76Kswclc1MqMroBHg98\n/FR0766jPypz3+8abr4NsCHaYQBsC7QtAoIBAQCXTVVcqFTIGY0HcN5aHbPM0rft\nlanWbd8jcuEZoxSq8ln5yOBJTwLG3TUQCzapIV1jQIYglTE6LU+UWFSGX978u2D2\nrBj2B89bKxp1+tVcVoUTiRSA0doBQCPIB0ki3QFrscLMTXfjORttFUDvjL5SkYEm\nZ7qmb4J67+uC+T23lD5l10XTL7p2CjE0gznEzi7LkA/hRGLT/UpEps4+M3qWtNVZ\nctTAiiQXcWO1NV0YOluDqR9VbS749iH/vFwDmmHHGg5jfxUNAMm5tTBAGWeqCzqZ\nFZEY/5lVfjBC6Azx7GlMqf6lv+4Wg4E4Aw3QMOfYLZRvg2QUEIHsQKfm+Pjd\n-----END RSA PRIVATE KEY-----\n",
            "content_base64": null,
            "directory_permission": "0777",
            "file_permission": "400",
            "filename": "task1-dev-linux-eu-west-1.pem",
            "id": "5d44719e9b06020886299d62097d700e17cc064c",
            "sensitive_content": null,
            "source": null
          },
          "sensitive_attributes": [
            [
              {
                "type": "get_attr",
                "value": "content"
              }
            ]
          ],
          "private": "bnVsbA==",
          "dependencies": [
            "aws_key_pair.key_pair",
            "tls_private_key.key_pair"
          ]
        }
      ]
    },
    {
      "mode": "managed",
      "type": "tls_private_key",
      "name": "key_pair",
      "provider": "provider[\"registry.terraform.io/hashicorp/tls\"]",
      "instances": [
        {
          "schema_version": 0,
          "attributes": {
            "algorithm": "RSA",
            "ecdsa_curve": "P224",
            "id": "8722fa05e37cc68a8bb2150df9762e88298c770d",
            "private_key_openssh": "-----BEGIN OPENSSH PRIVATE KEY-----\nb3BlbnNzaC1rZXktdjEAAAAABG5vbmUAAAAEbm9uZQAAAAAAAAABAAACFwAAAAdz\nc2gtcnNhAAAAAwEAAQAAAgEAsI9WqHepg1PngtNglQ03S1FX2TVTQbUSz4zUqd4b\n5sAbVh3tYQiXESJp7aVAajdsQhFsd4k4q4jPAcXkjQhdFxCM5IsXh2KvnO5gK1Vs\nhKjgaEm8X99W0oBBCnKuZqGIYW/qm4xoLS0yRU6dwhA0/JZNlqXv7Cv1aj7YH1m2\nFdltArLF8Gm35jGW6EkCV2jCqddbWBCRouJZRTIBdu6PaXR6cqGmh+6RSZBBJnNj\nHfgrCgxYSakDoBWQAbD8v59B2Mp1luKh4dmIBcuecc7e++YACBaqLhLqn3aVj/aG\n+JAreUIQc52WoM6xvry/9I2dS8IfVJ7LHCuDQF9pTsmyDpZvJwaT7AZpZWayczMe\n2RAxjRsckTf+tY7iGkWCjA7B0QbNEQb9helRQFN9aE4+KHD5ZGoMD06B24K3mUrp\nuhAPRq3hR+egstV6QOcx/4FsQPKXqXYhX0seGWf9Z6c8b8BRxixzwBqWfvpPxC+L\nx710MwisdPTKuIqHLZg2GnSey7aDS9WV4aBqKNKoWXn3VpRDXzBAdyTENcCnC4zy\ne6GRPkcF8XNb37zWBr2i9fqw9Hhn/3xZjq480PGK/fH2g9ihkIxvL0tniJgCmToK\n3hXx9BbVs1IXLOyS3uV8Cu86aNBPKFs1ciWI0+go3kmQNBGWhps+v2tYc9JNqXEz\nM2MAAAc4IuQR+yLkEfsAAAAHc3NoLXJzYQAAAgEAsI9WqHepg1PngtNglQ03S1FX\n2TVTQbUSz4zUqd4b5sAbVh3tYQiXESJp7aVAajdsQhFsd4k4q4jPAcXkjQhdFxCM\n5IsXh2KvnO5gK1VshKjgaEm8X99W0oBBCnKuZqGIYW/qm4xoLS0yRU6dwhA0/JZN\nlqXv7Cv1aj7YH1m2FdltArLF8Gm35jGW6EkCV2jCqddbWBCRouJZRTIBdu6PaXR6\ncqGmh+6RSZBBJnNjHfgrCgxYSakDoBWQAbD8v59B2Mp1luKh4dmIBcuecc7e++YA\nCBaqLhLqn3aVj/aG+JAreUIQc52WoM6xvry/9I2dS8IfVJ7LHCuDQF9pTsmyDpZv\nJwaT7AZpZWayczMe2RAxjRsckTf+tY7iGkWCjA7B0QbNEQb9helRQFN9aE4+KHD5\nZGoMD06B24K3mUrpuhAPRq3hR+egstV6QOcx/4FsQPKXqXYhX0seGWf9Z6c8b8BR\nxixzwBqWfvpPxC+Lx710MwisdPTKuIqHLZg2GnSey7aDS9WV4aBqKNKoWXn3VpRD\nXzBAdyTENcCnC4zye6GRPkcF8XNb37zWBr2i9fqw9Hhn/3xZjq480PGK/fH2g9ih\nkIxvL0tniJgCmToK3hXx9BbVs1IXLOyS3uV8Cu86aNBPKFs1ciWI0+go3kmQNBGW\nhps+v2tYc9JNqXEzM2MAAAADAQABAAACAGcKEBHbW/NHuTmRcLEr+FQdUb5yr3cO\nXL8Bum60L+ZXwNxeNNXHNJqMUfOd2FzkoWphTsLoM0lwWxb2za487k7ymrcaMY4S\nWtikCT3g6ab2A5j5R1VQOxQ4Qzz8tqkwpi3vKaTDqVyMHuVxvwGtga7TbM55Yu6a\nrOvnZyvMqEZSEJtdh8UJfYh68k33pcUrX0fNZgKcENJVdLG8QDyPduSdVISnsE9u\nPB4JcOwmtPadiUig8blzSKlZTCSgjLCsGbqSVVPMSZtL32U6cuqKR3oMvYH68DBZ\nW9HaW+ibgCN5x9VJZ96BXpHUbskY0JHBP8YhsTUqQvDauAuOYx/W9/ExQFjsmNSm\nUrMpkU2dt/QJG4ozqncu3pfP7vJLuuW6vtys2pyhgjAwh+qWw9e6dIA7vu4dsw76\nTMx91JSdT9I47j/r7/1GbNJ63FUJ6JW1befzqbHSXgGfXwQYBnum8Yv6TaJfTgdr\nVrtIaL8WRtvdWwKaCZ/MGqeS6lqeVzD9oyWvPUYZrly2HH0bfxbVogko14QZk8n9\nN7fBwNFAH/xwxLHYtQPfXpZcgsI9hFfYrc/h+ZpZEvIbJJ0chufqsIk+t1Jme2vd\ns+3bEf4ONd3XEAsexefzmUxRt+c0ECmgLsQ03D/5Gv6WSDb7YE7f45Errl0LAbKK\n12wP1yQaLEuJAAABAQCXTVVcqFTIGY0HcN5aHbPM0rftlanWbd8jcuEZoxSq8ln5\nyOBJTwLG3TUQCzapIV1jQIYglTE6LU+UWFSGX978u2D2rBj2B89bKxp1+tVcVoUT\niRSA0doBQCPIB0ki3QFrscLMTXfjORttFUDvjL5SkYEmZ7qmb4J67+uC+T23lD5l\n10XTL7p2CjE0gznEzi7LkA/hRGLT/UpEps4+M3qWtNVZctTAiiQXcWO1NV0YOluD\nqR9VbS749iH/vFwDmmHHGg5jfxUNAMm5tTBAGWeqCzqZFZEY/5lVfjBC6Azx7GlM\nqf6lv+4Wg4E4Aw3QMOfYLZRvg2QUEIHsQKfm+PjdAAABAQDaMQY/FN19eL5lNjlw\nf1B/1HVuWmG55u6JeTAqQqSY3cuRDOpDeUjF71b/sRGXZ1Lyirfn9bdseY/EsVU7\niVVi2bBeDZP2Zt7jE1ixpmvN/fSgqTI6MTxVnEIPRxf+8Wkj1rk5oGClb0Zt3i3L\noplWPO6zH3Md5Gf+ygXzWDzyNy9k/xXuSRyiCVL1mw2DwQhbjvmc3kxNsG5LLCz4\nOB+K6o1UnB7e6xnBE37A7nN0oshJy5Wc4K209h4cGwqN+ID/HwXy+22SfYFNcDBz\njXwtBHv0SQEj2gkAyG1ft76vDGCkSAYYRYH467BxJZgSoXqOwRxo122bdOE1RZNj\nwFNXAAABAQDPJ4lvyCPAc8WE2HVkGk+abTOGQQZ1zSRldfcG2NgCC5HGNZHBgoAl\nppq1pSqAs7Pl+9t4mE9YtqN5bIsykuk2htGGyVqEPNcukBymW3KfUei9TvC0UZ5N\nIBhmFpjRw341cjDWryg3DuE4P393J5GjG9MVJxh2+XWwpzJ4HA66BMt0/cymr57p\ngBrunuGZjqHXl97DvlnSFE0ntoOEviGHtsxF65vyPpoYNmNHbqtOVevfug5iRy+v\nz969t0x5k0C8CsUkAWKn8qwrEUD7a9NUM9XIW1I1THLSbaJZwyl9ah2KI8oDoA4m\n4QONxl60RNql6qJx+NDNFa3+fDWOU4TVAAAAAAEC\n-----END OPENSSH PRIVATE KEY-----\n",
            "private_key_pem": "-----BEGIN RSA PRIVATE KEY-----\nMIIJKQIBAAKCAgEAsI9WqHepg1PngtNglQ03S1FX2TVTQbUSz4zUqd4b5sAbVh3t\nYQiXESJp7aVAajdsQhFsd4k4q4jPAcXkjQhdFxCM5IsXh2KvnO5gK1VshKjgaEm8\nX99W0oBBCnKuZqGIYW/qm4xoLS0yRU6dwhA0/JZNlqXv7Cv1aj7YH1m2FdltArLF\n8Gm35jGW6EkCV2jCqddbWBCRouJZRTIBdu6PaXR6cqGmh+6RSZBBJnNjHfgrCgxY\nSakDoBWQAbD8v59B2Mp1luKh4dmIBcuecc7e++YACBaqLhLqn3aVj/aG+JAreUIQ\nc52WoM6xvry/9I2dS8IfVJ7LHCuDQF9pTsmyDpZvJwaT7AZpZWayczMe2RAxjRsc\nkTf+tY7iGkWCjA7B0QbNEQb9helRQFN9aE4+KHD5ZGoMD06B24K3mUrpuhAPRq3h\nR+egstV6QOcx/4FsQPKXqXYhX0seGWf9Z6c8b8BRxixzwBqWfvpPxC+Lx710Mwis\ndPTKuIqHLZg2GnSey7aDS9WV4aBqKNKoWXn3VpRDXzBAdyTENcCnC4zye6GRPkcF\n8XNb37zWBr2i9fqw9Hhn/3xZjq480PGK/fH2g9ihkIxvL0tniJgCmToK3hXx9BbV\ns1IXLOyS3uV8Cu86aNBPKFs1ciWI0+go3kmQNBGWhps+v2tYc9JNqXEzM2MCAwEA\nAQKCAgBnChAR21vzR7k5kXCxK/hUHVG+cq93Dly/AbputC/mV8DcXjTVxzSajFHz\nndhc5KFqYU7C6DNJcFsW9s2uPO5O8pq3GjGOElrYpAk94Omm9gOY+UdVUDsUOEM8\n/LapMKYt7ymkw6lcjB7lcb8BrYGu02zOeWLumqzr52crzKhGUhCbXYfFCX2IevJN\n96XFK19HzWYCnBDSVXSxvEA8j3bknVSEp7BPbjweCXDsJrT2nYlIoPG5c0ipWUwk\noIywrBm6klVTzEmbS99lOnLqikd6DL2B+vAwWVvR2lvom4AjecfVSWfegV6R1G7J\nGNCRwT/GIbE1KkLw2rgLjmMf1vfxMUBY7JjUplKzKZFNnbf0CRuKM6p3Lt6Xz+7y\nS7rlur7crNqcoYIwMIfqlsPXunSAO77uHbMO+kzMfdSUnU/SOO4/6+/9RmzSetxV\nCeiVtW3n86mx0l4Bn18EGAZ7pvGL+k2iX04Ha1a7SGi/Fkbb3VsCmgmfzBqnkupa\nnlcw/aMlrz1GGa5cthx9G38W1aIJKNeEGZPJ/Te3wcDRQB/8cMSx2LUD316WXILC\nPYRX2K3P4fmaWRLyGySdHIbn6rCJPrdSZntr3bPt2xH+DjXd1xALHsXn85lMUbfn\nNBApoC7ENNw/+Rr+lkg2+2BO3+ORK65dCwGyitdsD9ckGixLiQKCAQEA2jEGPxTd\nfXi+ZTY5cH9Qf9R1blphuebuiXkwKkKkmN3LkQzqQ3lIxe9W/7ERl2dS8oq35/W3\nbHmPxLFVO4lVYtmwXg2T9mbe4xNYsaZrzf30oKkyOjE8VZxCD0cX/vFpI9a5OaBg\npW9Gbd4ty6KZVjzusx9zHeRn/soF81g88jcvZP8V7kkcoglS9ZsNg8EIW475nN5M\nTbBuSyws+DgfiuqNVJwe3usZwRN+wO5zdKLIScuVnOCttPYeHBsKjfiA/x8F8vtt\nkn2BTXAwc418LQR79EkBI9oJAMhtX7e+rwxgpEgGGEWB+OuwcSWYEqF6jsEcaNdt\nm3ThNUWTY8BTVwKCAQEAzyeJb8gjwHPFhNh1ZBpPmm0zhkEGdc0kZXX3BtjYAguR\nxjWRwYKAJaaataUqgLOz5fvbeJhPWLajeWyLMpLpNobRhslahDzXLpAcpltyn1Ho\nvU7wtFGeTSAYZhaY0cN+NXIw1q8oNw7hOD9/dyeRoxvTFScYdvl1sKcyeBwOugTL\ndP3Mpq+e6YAa7p7hmY6h15few75Z0hRNJ7aDhL4hh7bMReub8j6aGDZjR26rTlXr\n37oOYkcvr8/evbdMeZNAvArFJAFip/KsKxFA+2vTVDPVyFtSNUxy0m2iWcMpfWod\niiPKA6AOJuEDjcZetETapeqicfjQzRWt/nw1jlOE1QKCAQALRQb2kSRTi74Bykgz\nOFA3Ggkqtv5fNL9TWHAVbrXDs4kFJ+6dp5ELsC4FLOcks9CD+IhBMd7Uen7jgOlP\nFuvTHD1QzlC7JFsUzXYCTv84d4qAFd0jRlHAdj6vPVPO9jchA8EzacY0JUg0+onQ\n/8f9vU3y8IfonliEv3iJNiCHvjPzen1uflY9RFAFoYmUKY8982ePI6g7RwabWV/F\nPljauvyrxxiNGQWOhGxCmM5b0uCXdy12GeC+/QtXFkp4RMKc6sRK5ZOmQldAYbAO\n99rXFGk2l+K4MFXQtYl4rSvrLK99LL8r18M70Sie33s4UyDaaL0H6UCfC+1p6/sN\n5uwnAoIBAQCzB2lY6PA1ABkBMY1qwO5w+NVhvsrVfkBpS2T9TuSIB/WpBlz8j0su\nvujP+XldF3FvXpYTiBZzBg0MAIngYGUbEbL9OQF4bZhOjo+kGj5agJCTIykVvcAA\nya8sc3UJPFnT2OdqcqBfzQVJ9l6z3MeZ3o8zpcEX+YoD7MvKT/1OOJyZdEqs9/Rv\nup4MAdXZPxKR35fPNbAsxgzUOIE7dJJH1ux9tRzmY8ILEN4GOxfjsJAUn5iUyQ7m\nc9D9xu9Z1rBIk0pDTsszeJ/g7J1rbImMKOwmpv3KQFKvl76Kswclc1MqMroBHg98\n/FR0766jPypz3+8abr4NsCHaYQBsC7QtAoIBAQCXTVVcqFTIGY0HcN5aHbPM0rft\nlanWbd8jcuEZoxSq8ln5yOBJTwLG3TUQCzapIV1jQIYglTE6LU+UWFSGX978u2D2\nrBj2B89bKxp1+tVcVoUTiRSA0doBQCPIB0ki3QFrscLMTXfjORttFUDvjL5SkYEm\nZ7qmb4J67+uC+T23lD5l10XTL7p2CjE0gznEzi7LkA/hRGLT/UpEps4+M3qWtNVZ\nctTAiiQXcWO1NV0YOluDqR9VbS749iH/vFwDmmHHGg5jfxUNAMm5tTBAGWeqCzqZ\nFZEY/5lVfjBC6Azx7GlMqf6lv+4Wg4E4Aw3QMOfYLZRvg2QUEIHsQKfm+Pjd\n-----END RSA PRIVATE KEY-----\n",
            "public_key_fingerprint_md5": "e4:15:36:12:47:1f:44:c1:44:96:17:27:c7:7c:c9:34",
            "public_key_fingerprint_sha256": "SHA256:xV37DQ8ijbXQx5K0RvV0+e/vhujeTOLVj9PXBzLuHJA",
            "public_key_openssh": "ssh-rsa AAAAB3NzaC1yc2EAAAADAQABAAACAQCwj1aod6mDU+eC02CVDTdLUVfZNVNBtRLPjNSp3hvmwBtWHe1hCJcRImntpUBqN2xCEWx3iTiriM8BxeSNCF0XEIzkixeHYq+c7mArVWyEqOBoSbxf31bSgEEKcq5moYhhb+qbjGgtLTJFTp3CEDT8lk2Wpe/sK/VqPtgfWbYV2W0CssXwabfmMZboSQJXaMKp11tYEJGi4llFMgF27o9pdHpyoaaH7pFJkEEmc2Md+CsKDFhJqQOgFZABsPy/n0HYynWW4qHh2YgFy55xzt775gAIFqouEuqfdpWP9ob4kCt5QhBznZagzrG+vL/0jZ1Lwh9UnsscK4NAX2lOybIOlm8nBpPsBmllZrJzMx7ZEDGNGxyRN/61juIaRYKMDsHRBs0RBv2F6VFAU31oTj4ocPlkagwPToHbgreZSum6EA9GreFH56Cy1XpA5zH/gWxA8pepdiFfSx4ZZ/1npzxvwFHGLHPAGpZ++k/EL4vHvXQzCKx09Mq4ioctmDYadJ7LtoNL1ZXhoGoo0qhZefdWlENfMEB3JMQ1wKcLjPJ7oZE+RwXxc1vfvNYGvaL1+rD0eGf/fFmOrjzQ8Yr98faD2KGQjG8vS2eImAKZOgreFfH0FtWzUhcs7JLe5XwK7zpo0E8oWzVyJYjT6CjeSZA0EZaGmz6/a1hz0k2pcTMzYw==\n",
            "public_key_pem": "-----BEGIN PUBLIC KEY-----\nMIICIjANBgkqhkiG9w0BAQEFAAOCAg8AMIICCgKCAgEAsI9WqHepg1PngtNglQ03\nS1FX2TVTQbUSz4zUqd4b5sAbVh3tYQiXESJp7aVAajdsQhFsd4k4q4jPAcXkjQhd\nFxCM5IsXh2KvnO5gK1VshKjgaEm8X99W0oBBCnKuZqGIYW/qm4xoLS0yRU6dwhA0\n/JZNlqXv7Cv1aj7YH1m2FdltArLF8Gm35jGW6EkCV2jCqddbWBCRouJZRTIBdu6P\naXR6cqGmh+6RSZBBJnNjHfgrCgxYSakDoBWQAbD8v59B2Mp1luKh4dmIBcuecc7e\n++YACBaqLhLqn3aVj/aG+JAreUIQc52WoM6xvry/9I2dS8IfVJ7LHCuDQF9pTsmy\nDpZvJwaT7AZpZWayczMe2RAxjRsckTf+tY7iGkWCjA7B0QbNEQb9helRQFN9aE4+\nKHD5ZGoMD06B24K3mUrpuhAPRq3hR+egstV6QOcx/4FsQPKXqXYhX0seGWf9Z6c8\nb8BRxixzwBqWfvpPxC+Lx710MwisdPTKuIqHLZg2GnSey7aDS9WV4aBqKNKoWXn3\nVpRDXzBAdyTENcCnC4zye6GRPkcF8XNb37zWBr2i9fqw9Hhn/3xZjq480PGK/fH2\ng9ihkIxvL0tniJgCmToK3hXx9BbVs1IXLOyS3uV8Cu86aNBPKFs1ciWI0+go3kmQ\nNBGWhps+v2tYc9JNqXEzM2MCAwEAAQ==\n-----END PUBLIC KEY-----\n",
            "rsa_bits": 4096
          },
          "sensitive_attributes": [],
          "private": "bnVsbA=="
        }
      ]
    }
  ]
}
